
Microsoft Visual Studio Solution File, Format Version 12.00
# Visual Studio Version 16
VisualStudioVersion = 16.0.30413.136
MinimumVisualStudioVersion = 10.0.40219.1
Project("{9A19103F-16F7-4668-BE54-9A1E7A4F7556}") = "libsupcs", "libsupcs\libsupcs.csproj", "{566AA7AB-C8B8-417C-B16E-08C7D359CBB1}"
EndProject
Project("{9A19103F-16F7-4668-BE54-9A1E7A4F7556}") = "libtysila5", "libtysila5\libtysila5.csproj", "{82697295-1AFF-4174-97BC-6562732305F3}"
EndProject
Project("{9A19103F-16F7-4668-BE54-9A1E7A4F7556}") = "tysila4", "tysila4\tysila4.csproj", "{62D134E0-864F-4100-BBA0-44A78948647A}"
EndProject
Project("{9A19103F-16F7-4668-BE54-9A1E7A4F7556}") = "TableMap", "TableMap\TableMap.csproj", "{BD29BC10-A529-466B-9372-0F6AAC6FB183}"
EndProject
Project("{9A19103F-16F7-4668-BE54-9A1E7A4F7556}") = "metadata", "metadata\metadata.csproj", "{577C93B9-ACD1-4EC2-83F5-C0FF3246FEBA}"
EndProject
Project("{9A19103F-16F7-4668-BE54-9A1E7A4F7556}") = "typeforwards", "typeforwards\typeforwards.csproj", "{64B876B2-65A6-4D61-9F28-75580A91156F}"
EndProject
Project("{9A19103F-16F7-4668-BE54-9A1E7A4F7556}") = "tl", "binary_library\tl\tl\tl.csproj", "{0B85407B-B286-4F7E-A6F7-264181EFDA67}"
EndProject
Project("{9A19103F-16F7-4668-BE54-9A1E7A4F7556}") = "elfhash", "binary_library\tl\elfhash\elfhash.csproj", "{D717D6F9-38FB-4C2C-BA3E-C8B2FDE9B446}"
EndProject
Project("{9A19103F-16F7-4668-BE54-9A1E7A4F7556}") = "genmissing", "genmissing\genmissing.csproj", "{82B7AF62-E4BD-4909-B8EF-1654A34F466E}"
EndProject
Project("{9A19103F-16F7-4668-BE54-9A1E7A4F7556}") = "libjit", "libjit\libjit.csproj", "{43CDA38B-8F50-4325-8FD1-B9EEAB05F64F}"
EndProject
Project("{9A19103F-16F7-4668-BE54-9A1E7A4F7556}") = "binary_library", "binary_library\binary_library\binary_library.csproj", "{86C5582B-95B2-4726-BB35-F35134EA73BF}"
EndProject
Project("{9A19103F-16F7-4668-BE54-9A1E7A4F7556}") = "readline", "readline\readline.csproj", "{725897E7-4A20-4D94-917E-BB0F6BFA1257}"
EndProject
Global
	GlobalSection(SolutionConfigurationPlatforms) = preSolution
		BareBones|Any CPU = BareBones|Any CPU
		BareBones|x86 = BareBones|x86
		CHeader|Any CPU = CHeader|Any CPU
		CHeader|x86 = CHeader|x86
		Compile BareBones|Any CPU = Compile BareBones|Any CPU
		Compile BareBones|x86 = Compile BareBones|x86
		Compile libstdcs|Any CPU = Compile libstdcs|Any CPU
		Compile libstdcs|x86 = Compile libstdcs|x86
		Compile libsupcs|Any CPU = Compile libsupcs|Any CPU
		Compile libsupcs|x86 = Compile libsupcs|x86
		Compile libtysila|Any CPU = Compile libtysila|Any CPU
		Compile libtysila|x86 = Compile libtysila|x86
		Compile metadata|Any CPU = Compile metadata|Any CPU
		Compile metadata|x86 = Compile metadata|x86
		Compile mscorlib|Any CPU = Compile mscorlib|Any CPU
		Compile mscorlib|x86 = Compile mscorlib|x86
		Compile TestProcess|Any CPU = Compile TestProcess|Any CPU
		Compile TestProcess|x86 = Compile TestProcess|x86
		Debug|Any CPU = Debug|Any CPU
		Debug|x86 = Debug|x86
		libsupcs-arm|Any CPU = libsupcs-arm|Any CPU
		libsupcs-arm|x86 = libsupcs-arm|x86
		Release|Any CPU = Release|Any CPU
		Release|x86 = Release|x86
	EndGlobalSection
	GlobalSection(ProjectConfigurationPlatforms) = postSolution
		{566AA7AB-C8B8-417C-B16E-08C7D359CBB1}.BareBones|Any CPU.ActiveCfg = Debug|Any CPU
		{566AA7AB-C8B8-417C-B16E-08C7D359CBB1}.BareBones|Any CPU.Build.0 = Debug|Any CPU
		{566AA7AB-C8B8-417C-B16E-08C7D359CBB1}.BareBones|x86.ActiveCfg = Debug|Any CPU
		{566AA7AB-C8B8-417C-B16E-08C7D359CBB1}.BareBones|x86.Build.0 = Debug|Any CPU
		{566AA7AB-C8B8-417C-B16E-08C7D359CBB1}.CHeader|Any CPU.ActiveCfg = Release|Any CPU
		{566AA7AB-C8B8-417C-B16E-08C7D359CBB1}.CHeader|Any CPU.Build.0 = Release|Any CPU
		{566AA7AB-C8B8-417C-B16E-08C7D359CBB1}.CHeader|x86.ActiveCfg = Release|Any CPU
		{566AA7AB-C8B8-417C-B16E-08C7D359CBB1}.CHeader|x86.Build.0 = Release|Any CPU
		{566AA7AB-C8B8-417C-B16E-08C7D359CBB1}.Compile BareBones|Any CPU.ActiveCfg = Release|Any CPU
		{566AA7AB-C8B8-417C-B16E-08C7D359CBB1}.Compile BareBones|Any CPU.Build.0 = Release|Any CPU
		{566AA7AB-C8B8-417C-B16E-08C7D359CBB1}.Compile BareBones|x86.ActiveCfg = Release|Any CPU
		{566AA7AB-C8B8-417C-B16E-08C7D359CBB1}.Compile BareBones|x86.Build.0 = Release|Any CPU
		{566AA7AB-C8B8-417C-B16E-08C7D359CBB1}.Compile libstdcs|Any CPU.ActiveCfg = Release|Any CPU
		{566AA7AB-C8B8-417C-B16E-08C7D359CBB1}.Compile libstdcs|Any CPU.Build.0 = Release|Any CPU
		{566AA7AB-C8B8-417C-B16E-08C7D359CBB1}.Compile libstdcs|x86.ActiveCfg = Release|Any CPU
		{566AA7AB-C8B8-417C-B16E-08C7D359CBB1}.Compile libstdcs|x86.Build.0 = Release|Any CPU
		{566AA7AB-C8B8-417C-B16E-08C7D359CBB1}.Compile libsupcs|Any CPU.ActiveCfg = Debug|Any CPU
		{566AA7AB-C8B8-417C-B16E-08C7D359CBB1}.Compile libsupcs|Any CPU.Build.0 = Debug|Any CPU
		{566AA7AB-C8B8-417C-B16E-08C7D359CBB1}.Compile libsupcs|x86.ActiveCfg = Release|Any CPU
		{566AA7AB-C8B8-417C-B16E-08C7D359CBB1}.Compile libsupcs|x86.Build.0 = Release|Any CPU
		{566AA7AB-C8B8-417C-B16E-08C7D359CBB1}.Compile libtysila|Any CPU.ActiveCfg = Release|Any CPU
		{566AA7AB-C8B8-417C-B16E-08C7D359CBB1}.Compile libtysila|Any CPU.Build.0 = Release|Any CPU
		{566AA7AB-C8B8-417C-B16E-08C7D359CBB1}.Compile libtysila|x86.ActiveCfg = Release|Any CPU
		{566AA7AB-C8B8-417C-B16E-08C7D359CBB1}.Compile libtysila|x86.Build.0 = Release|Any CPU
		{566AA7AB-C8B8-417C-B16E-08C7D359CBB1}.Compile metadata|Any CPU.ActiveCfg = Release|Any CPU
		{566AA7AB-C8B8-417C-B16E-08C7D359CBB1}.Compile metadata|Any CPU.Build.0 = Release|Any CPU
		{566AA7AB-C8B8-417C-B16E-08C7D359CBB1}.Compile metadata|x86.ActiveCfg = Release|Any CPU
		{566AA7AB-C8B8-417C-B16E-08C7D359CBB1}.Compile metadata|x86.Build.0 = Release|Any CPU
		{566AA7AB-C8B8-417C-B16E-08C7D359CBB1}.Compile mscorlib|Any CPU.ActiveCfg = Debug|Any CPU
		{566AA7AB-C8B8-417C-B16E-08C7D359CBB1}.Compile mscorlib|Any CPU.Build.0 = Debug|Any CPU
		{566AA7AB-C8B8-417C-B16E-08C7D359CBB1}.Compile mscorlib|x86.ActiveCfg = Release|Any CPU
		{566AA7AB-C8B8-417C-B16E-08C7D359CBB1}.Compile mscorlib|x86.Build.0 = Release|Any CPU
		{566AA7AB-C8B8-417C-B16E-08C7D359CBB1}.Compile TestProcess|Any CPU.ActiveCfg = Release|Any CPU
		{566AA7AB-C8B8-417C-B16E-08C7D359CBB1}.Compile TestProcess|Any CPU.Build.0 = Release|Any CPU
		{566AA7AB-C8B8-417C-B16E-08C7D359CBB1}.Compile TestProcess|x86.ActiveCfg = Release|Any CPU
		{566AA7AB-C8B8-417C-B16E-08C7D359CBB1}.Compile TestProcess|x86.Build.0 = Release|Any CPU
		{566AA7AB-C8B8-417C-B16E-08C7D359CBB1}.Debug|Any CPU.ActiveCfg = Debug|Any CPU
		{566AA7AB-C8B8-417C-B16E-08C7D359CBB1}.Debug|Any CPU.Build.0 = Debug|Any CPU
		{566AA7AB-C8B8-417C-B16E-08C7D359CBB1}.Debug|x86.ActiveCfg = Debug|Any CPU
		{566AA7AB-C8B8-417C-B16E-08C7D359CBB1}.Debug|x86.Build.0 = Debug|Any CPU
		{566AA7AB-C8B8-417C-B16E-08C7D359CBB1}.libsupcs-arm|Any CPU.ActiveCfg = Debug|Any CPU
		{566AA7AB-C8B8-417C-B16E-08C7D359CBB1}.libsupcs-arm|Any CPU.Build.0 = Debug|Any CPU
		{566AA7AB-C8B8-417C-B16E-08C7D359CBB1}.libsupcs-arm|x86.ActiveCfg = Release|Any CPU
		{566AA7AB-C8B8-417C-B16E-08C7D359CBB1}.libsupcs-arm|x86.Build.0 = Release|Any CPU
		{566AA7AB-C8B8-417C-B16E-08C7D359CBB1}.Release|Any CPU.ActiveCfg = Release|Any CPU
		{566AA7AB-C8B8-417C-B16E-08C7D359CBB1}.Release|Any CPU.Build.0 = Release|Any CPU
		{566AA7AB-C8B8-417C-B16E-08C7D359CBB1}.Release|x86.ActiveCfg = Release|Any CPU
		{566AA7AB-C8B8-417C-B16E-08C7D359CBB1}.Release|x86.Build.0 = Release|Any CPU
		{82697295-1AFF-4174-97BC-6562732305F3}.BareBones|Any CPU.ActiveCfg = Debug|Any CPU
		{82697295-1AFF-4174-97BC-6562732305F3}.BareBones|Any CPU.Build.0 = Debug|Any CPU
		{82697295-1AFF-4174-97BC-6562732305F3}.BareBones|x86.ActiveCfg = Release|Any CPU
		{82697295-1AFF-4174-97BC-6562732305F3}.BareBones|x86.Build.0 = Release|Any CPU
		{82697295-1AFF-4174-97BC-6562732305F3}.CHeader|Any CPU.ActiveCfg = Debug|Any CPU
		{82697295-1AFF-4174-97BC-6562732305F3}.CHeader|Any CPU.Build.0 = Debug|Any CPU
		{82697295-1AFF-4174-97BC-6562732305F3}.CHeader|x86.ActiveCfg = Release|Any CPU
		{82697295-1AFF-4174-97BC-6562732305F3}.CHeader|x86.Build.0 = Release|Any CPU
		{82697295-1AFF-4174-97BC-6562732305F3}.Compile BareBones|Any CPU.ActiveCfg = Release|Any CPU
		{82697295-1AFF-4174-97BC-6562732305F3}.Compile BareBones|Any CPU.Build.0 = Release|Any CPU
		{82697295-1AFF-4174-97BC-6562732305F3}.Compile BareBones|x86.ActiveCfg = Release|Any CPU
		{82697295-1AFF-4174-97BC-6562732305F3}.Compile BareBones|x86.Build.0 = Release|Any CPU
		{82697295-1AFF-4174-97BC-6562732305F3}.Compile libstdcs|Any CPU.ActiveCfg = Debug|Any CPU
		{82697295-1AFF-4174-97BC-6562732305F3}.Compile libstdcs|Any CPU.Build.0 = Debug|Any CPU
		{82697295-1AFF-4174-97BC-6562732305F3}.Compile libstdcs|x86.ActiveCfg = Release|Any CPU
		{82697295-1AFF-4174-97BC-6562732305F3}.Compile libstdcs|x86.Build.0 = Release|Any CPU
		{82697295-1AFF-4174-97BC-6562732305F3}.Compile libsupcs|Any CPU.ActiveCfg = Debug|Any CPU
		{82697295-1AFF-4174-97BC-6562732305F3}.Compile libsupcs|Any CPU.Build.0 = Debug|Any CPU
		{82697295-1AFF-4174-97BC-6562732305F3}.Compile libsupcs|x86.ActiveCfg = Release|Any CPU
		{82697295-1AFF-4174-97BC-6562732305F3}.Compile libsupcs|x86.Build.0 = Release|Any CPU
		{82697295-1AFF-4174-97BC-6562732305F3}.Compile libtysila|Any CPU.ActiveCfg = Debug|Any CPU
		{82697295-1AFF-4174-97BC-6562732305F3}.Compile libtysila|Any CPU.Build.0 = Debug|Any CPU
		{82697295-1AFF-4174-97BC-6562732305F3}.Compile libtysila|x86.ActiveCfg = Release|Any CPU
		{82697295-1AFF-4174-97BC-6562732305F3}.Compile libtysila|x86.Build.0 = Release|Any CPU
		{82697295-1AFF-4174-97BC-6562732305F3}.Compile metadata|Any CPU.ActiveCfg = Debug|Any CPU
		{82697295-1AFF-4174-97BC-6562732305F3}.Compile metadata|Any CPU.Build.0 = Debug|Any CPU
		{82697295-1AFF-4174-97BC-6562732305F3}.Compile metadata|x86.ActiveCfg = Release|Any CPU
		{82697295-1AFF-4174-97BC-6562732305F3}.Compile metadata|x86.Build.0 = Release|Any CPU
		{82697295-1AFF-4174-97BC-6562732305F3}.Compile mscorlib|Any CPU.ActiveCfg = Debug|Any CPU
		{82697295-1AFF-4174-97BC-6562732305F3}.Compile mscorlib|Any CPU.Build.0 = Debug|Any CPU
		{82697295-1AFF-4174-97BC-6562732305F3}.Compile mscorlib|x86.ActiveCfg = Release|Any CPU
		{82697295-1AFF-4174-97BC-6562732305F3}.Compile mscorlib|x86.Build.0 = Release|Any CPU
		{82697295-1AFF-4174-97BC-6562732305F3}.Compile TestProcess|Any CPU.ActiveCfg = Debug|Any CPU
		{82697295-1AFF-4174-97BC-6562732305F3}.Compile TestProcess|Any CPU.Build.0 = Debug|Any CPU
		{82697295-1AFF-4174-97BC-6562732305F3}.Compile TestProcess|x86.ActiveCfg = Release|Any CPU
		{82697295-1AFF-4174-97BC-6562732305F3}.Compile TestProcess|x86.Build.0 = Release|Any CPU
		{82697295-1AFF-4174-97BC-6562732305F3}.Debug|Any CPU.ActiveCfg = Debug|Any CPU
		{82697295-1AFF-4174-97BC-6562732305F3}.Debug|Any CPU.Build.0 = Debug|Any CPU
		{82697295-1AFF-4174-97BC-6562732305F3}.Debug|x86.ActiveCfg = Debug|Any CPU
		{82697295-1AFF-4174-97BC-6562732305F3}.Debug|x86.Build.0 = Debug|Any CPU
		{82697295-1AFF-4174-97BC-6562732305F3}.libsupcs-arm|Any CPU.ActiveCfg = Debug|Any CPU
		{82697295-1AFF-4174-97BC-6562732305F3}.libsupcs-arm|Any CPU.Build.0 = Debug|Any CPU
		{82697295-1AFF-4174-97BC-6562732305F3}.libsupcs-arm|x86.ActiveCfg = Release|Any CPU
		{82697295-1AFF-4174-97BC-6562732305F3}.libsupcs-arm|x86.Build.0 = Release|Any CPU
		{82697295-1AFF-4174-97BC-6562732305F3}.Release|Any CPU.ActiveCfg = Release|Any CPU
		{82697295-1AFF-4174-97BC-6562732305F3}.Release|Any CPU.Build.0 = Release|Any CPU
		{82697295-1AFF-4174-97BC-6562732305F3}.Release|x86.ActiveCfg = Release|Any CPU
		{82697295-1AFF-4174-97BC-6562732305F3}.Release|x86.Build.0 = Release|Any CPU
		{62D134E0-864F-4100-BBA0-44A78948647A}.BareBones|Any CPU.ActiveCfg = BareBones|Any CPU
		{62D134E0-864F-4100-BBA0-44A78948647A}.BareBones|Any CPU.Build.0 = BareBones|Any CPU
		{62D134E0-864F-4100-BBA0-44A78948647A}.BareBones|x86.ActiveCfg = BareBones|Any CPU
		{62D134E0-864F-4100-BBA0-44A78948647A}.BareBones|x86.Build.0 = BareBones|Any CPU
		{62D134E0-864F-4100-BBA0-44A78948647A}.CHeader|Any CPU.ActiveCfg = Release|Any CPU
		{62D134E0-864F-4100-BBA0-44A78948647A}.CHeader|Any CPU.Build.0 = Release|Any CPU
		{62D134E0-864F-4100-BBA0-44A78948647A}.CHeader|x86.ActiveCfg = Release|Any CPU
		{62D134E0-864F-4100-BBA0-44A78948647A}.CHeader|x86.Build.0 = Release|Any CPU
		{62D134E0-864F-4100-BBA0-44A78948647A}.Compile BareBones|Any CPU.ActiveCfg = Release|Any CPU
		{62D134E0-864F-4100-BBA0-44A78948647A}.Compile BareBones|Any CPU.Build.0 = Release|Any CPU
		{62D134E0-864F-4100-BBA0-44A78948647A}.Compile BareBones|x86.ActiveCfg = Release|Any CPU
		{62D134E0-864F-4100-BBA0-44A78948647A}.Compile BareBones|x86.Build.0 = Release|Any CPU
		{62D134E0-864F-4100-BBA0-44A78948647A}.Compile libstdcs|Any CPU.ActiveCfg = Release|Any CPU
		{62D134E0-864F-4100-BBA0-44A78948647A}.Compile libstdcs|Any CPU.Build.0 = Release|Any CPU
		{62D134E0-864F-4100-BBA0-44A78948647A}.Compile libstdcs|x86.ActiveCfg = Release|Any CPU
		{62D134E0-864F-4100-BBA0-44A78948647A}.Compile libstdcs|x86.Build.0 = Release|Any CPU
		{62D134E0-864F-4100-BBA0-44A78948647A}.Compile libsupcs|Any CPU.ActiveCfg = Debug|Any CPU
		{62D134E0-864F-4100-BBA0-44A78948647A}.Compile libsupcs|Any CPU.Build.0 = Debug|Any CPU
		{62D134E0-864F-4100-BBA0-44A78948647A}.Compile libsupcs|x86.ActiveCfg = Release|Any CPU
		{62D134E0-864F-4100-BBA0-44A78948647A}.Compile libsupcs|x86.Build.0 = Release|Any CPU
		{62D134E0-864F-4100-BBA0-44A78948647A}.Compile libtysila|Any CPU.ActiveCfg = Release|Any CPU
		{62D134E0-864F-4100-BBA0-44A78948647A}.Compile libtysila|Any CPU.Build.0 = Release|Any CPU
		{62D134E0-864F-4100-BBA0-44A78948647A}.Compile libtysila|x86.ActiveCfg = Release|Any CPU
		{62D134E0-864F-4100-BBA0-44A78948647A}.Compile libtysila|x86.Build.0 = Release|Any CPU
		{62D134E0-864F-4100-BBA0-44A78948647A}.Compile metadata|Any CPU.ActiveCfg = Release|Any CPU
		{62D134E0-864F-4100-BBA0-44A78948647A}.Compile metadata|Any CPU.Build.0 = Release|Any CPU
		{62D134E0-864F-4100-BBA0-44A78948647A}.Compile metadata|x86.ActiveCfg = Release|Any CPU
		{62D134E0-864F-4100-BBA0-44A78948647A}.Compile metadata|x86.Build.0 = Release|Any CPU
		{62D134E0-864F-4100-BBA0-44A78948647A}.Compile mscorlib|Any CPU.ActiveCfg = Release|Any CPU
		{62D134E0-864F-4100-BBA0-44A78948647A}.Compile mscorlib|Any CPU.Build.0 = Release|Any CPU
		{62D134E0-864F-4100-BBA0-44A78948647A}.Compile mscorlib|x86.ActiveCfg = Release|Any CPU
		{62D134E0-864F-4100-BBA0-44A78948647A}.Compile mscorlib|x86.Build.0 = Release|Any CPU
		{62D134E0-864F-4100-BBA0-44A78948647A}.Compile TestProcess|Any CPU.ActiveCfg = Release|Any CPU
		{62D134E0-864F-4100-BBA0-44A78948647A}.Compile TestProcess|Any CPU.Build.0 = Release|Any CPU
		{62D134E0-864F-4100-BBA0-44A78948647A}.Compile TestProcess|x86.ActiveCfg = Release|Any CPU
		{62D134E0-864F-4100-BBA0-44A78948647A}.Compile TestProcess|x86.Build.0 = Release|Any CPU
		{62D134E0-864F-4100-BBA0-44A78948647A}.Debug|Any CPU.ActiveCfg = Debug|Any CPU
		{62D134E0-864F-4100-BBA0-44A78948647A}.Debug|Any CPU.Build.0 = Debug|Any CPU
		{62D134E0-864F-4100-BBA0-44A78948647A}.Debug|x86.ActiveCfg = Debug|Any CPU
		{62D134E0-864F-4100-BBA0-44A78948647A}.Debug|x86.Build.0 = Debug|Any CPU
		{62D134E0-864F-4100-BBA0-44A78948647A}.libsupcs-arm|Any CPU.ActiveCfg = Release|Any CPU
		{62D134E0-864F-4100-BBA0-44A78948647A}.libsupcs-arm|Any CPU.Build.0 = Release|Any CPU
		{62D134E0-864F-4100-BBA0-44A78948647A}.libsupcs-arm|x86.ActiveCfg = Release|Any CPU
		{62D134E0-864F-4100-BBA0-44A78948647A}.libsupcs-arm|x86.Build.0 = Release|Any CPU
		{62D134E0-864F-4100-BBA0-44A78948647A}.Release|Any CPU.ActiveCfg = Release|Any CPU
		{62D134E0-864F-4100-BBA0-44A78948647A}.Release|Any CPU.Build.0 = Release|Any CPU
		{62D134E0-864F-4100-BBA0-44A78948647A}.Release|x86.ActiveCfg = Release|Any CPU
		{62D134E0-864F-4100-BBA0-44A78948647A}.Release|x86.Build.0 = Release|Any CPU
		{BD29BC10-A529-466B-9372-0F6AAC6FB183}.BareBones|Any CPU.ActiveCfg = Debug|Any CPU
		{BD29BC10-A529-466B-9372-0F6AAC6FB183}.BareBones|Any CPU.Build.0 = Debug|Any CPU
		{BD29BC10-A529-466B-9372-0F6AAC6FB183}.BareBones|x86.ActiveCfg = Debug|Any CPU
		{BD29BC10-A529-466B-9372-0F6AAC6FB183}.BareBones|x86.Build.0 = Debug|Any CPU
		{BD29BC10-A529-466B-9372-0F6AAC6FB183}.CHeader|Any CPU.ActiveCfg = Release|Any CPU
		{BD29BC10-A529-466B-9372-0F6AAC6FB183}.CHeader|Any CPU.Build.0 = Release|Any CPU
		{BD29BC10-A529-466B-9372-0F6AAC6FB183}.CHeader|x86.ActiveCfg = Debug|Any CPU
		{BD29BC10-A529-466B-9372-0F6AAC6FB183}.CHeader|x86.Build.0 = Debug|Any CPU
		{BD29BC10-A529-466B-9372-0F6AAC6FB183}.Compile BareBones|Any CPU.ActiveCfg = Release|Any CPU
		{BD29BC10-A529-466B-9372-0F6AAC6FB183}.Compile BareBones|Any CPU.Build.0 = Release|Any CPU
		{BD29BC10-A529-466B-9372-0F6AAC6FB183}.Compile BareBones|x86.ActiveCfg = Debug|Any CPU
		{BD29BC10-A529-466B-9372-0F6AAC6FB183}.Compile BareBones|x86.Build.0 = Debug|Any CPU
		{BD29BC10-A529-466B-9372-0F6AAC6FB183}.Compile libstdcs|Any CPU.ActiveCfg = Release|Any CPU
		{BD29BC10-A529-466B-9372-0F6AAC6FB183}.Compile libstdcs|Any CPU.Build.0 = Release|Any CPU
		{BD29BC10-A529-466B-9372-0F6AAC6FB183}.Compile libstdcs|x86.ActiveCfg = Debug|Any CPU
		{BD29BC10-A529-466B-9372-0F6AAC6FB183}.Compile libstdcs|x86.Build.0 = Debug|Any CPU
		{BD29BC10-A529-466B-9372-0F6AAC6FB183}.Compile libsupcs|Any CPU.ActiveCfg = Debug|Any CPU
		{BD29BC10-A529-466B-9372-0F6AAC6FB183}.Compile libsupcs|Any CPU.Build.0 = Debug|Any CPU
		{BD29BC10-A529-466B-9372-0F6AAC6FB183}.Compile libsupcs|x86.ActiveCfg = Debug|Any CPU
		{BD29BC10-A529-466B-9372-0F6AAC6FB183}.Compile libsupcs|x86.Build.0 = Debug|Any CPU
		{BD29BC10-A529-466B-9372-0F6AAC6FB183}.Compile libtysila|Any CPU.ActiveCfg = Release|Any CPU
		{BD29BC10-A529-466B-9372-0F6AAC6FB183}.Compile libtysila|Any CPU.Build.0 = Release|Any CPU
		{BD29BC10-A529-466B-9372-0F6AAC6FB183}.Compile libtysila|x86.ActiveCfg = Debug|Any CPU
		{BD29BC10-A529-466B-9372-0F6AAC6FB183}.Compile libtysila|x86.Build.0 = Debug|Any CPU
		{BD29BC10-A529-466B-9372-0F6AAC6FB183}.Compile metadata|Any CPU.ActiveCfg = Release|Any CPU
		{BD29BC10-A529-466B-9372-0F6AAC6FB183}.Compile metadata|Any CPU.Build.0 = Release|Any CPU
		{BD29BC10-A529-466B-9372-0F6AAC6FB183}.Compile metadata|x86.ActiveCfg = Debug|Any CPU
		{BD29BC10-A529-466B-9372-0F6AAC6FB183}.Compile metadata|x86.Build.0 = Debug|Any CPU
		{BD29BC10-A529-466B-9372-0F6AAC6FB183}.Compile mscorlib|Any CPU.ActiveCfg = Release|Any CPU
		{BD29BC10-A529-466B-9372-0F6AAC6FB183}.Compile mscorlib|Any CPU.Build.0 = Release|Any CPU
		{BD29BC10-A529-466B-9372-0F6AAC6FB183}.Compile mscorlib|x86.ActiveCfg = Debug|Any CPU
		{BD29BC10-A529-466B-9372-0F6AAC6FB183}.Compile mscorlib|x86.Build.0 = Debug|Any CPU
		{BD29BC10-A529-466B-9372-0F6AAC6FB183}.Compile TestProcess|Any CPU.ActiveCfg = Release|Any CPU
		{BD29BC10-A529-466B-9372-0F6AAC6FB183}.Compile TestProcess|Any CPU.Build.0 = Release|Any CPU
		{BD29BC10-A529-466B-9372-0F6AAC6FB183}.Compile TestProcess|x86.ActiveCfg = Debug|Any CPU
		{BD29BC10-A529-466B-9372-0F6AAC6FB183}.Compile TestProcess|x86.Build.0 = Debug|Any CPU
		{BD29BC10-A529-466B-9372-0F6AAC6FB183}.Debug|Any CPU.ActiveCfg = Debug|Any CPU
		{BD29BC10-A529-466B-9372-0F6AAC6FB183}.Debug|Any CPU.Build.0 = Debug|Any CPU
		{BD29BC10-A529-466B-9372-0F6AAC6FB183}.Debug|x86.ActiveCfg = Debug|Any CPU
		{BD29BC10-A529-466B-9372-0F6AAC6FB183}.Debug|x86.Build.0 = Debug|Any CPU
		{BD29BC10-A529-466B-9372-0F6AAC6FB183}.libsupcs-arm|Any CPU.ActiveCfg = Debug|Any CPU
		{BD29BC10-A529-466B-9372-0F6AAC6FB183}.libsupcs-arm|Any CPU.Build.0 = Debug|Any CPU
		{BD29BC10-A529-466B-9372-0F6AAC6FB183}.libsupcs-arm|x86.ActiveCfg = Debug|Any CPU
		{BD29BC10-A529-466B-9372-0F6AAC6FB183}.libsupcs-arm|x86.Build.0 = Debug|Any CPU
		{BD29BC10-A529-466B-9372-0F6AAC6FB183}.Release|Any CPU.ActiveCfg = Release|Any CPU
		{BD29BC10-A529-466B-9372-0F6AAC6FB183}.Release|Any CPU.Build.0 = Release|Any CPU
		{BD29BC10-A529-466B-9372-0F6AAC6FB183}.Release|x86.ActiveCfg = Release|Any CPU
		{BD29BC10-A529-466B-9372-0F6AAC6FB183}.Release|x86.Build.0 = Release|Any CPU
		{577C93B9-ACD1-4EC2-83F5-C0FF3246FEBA}.BareBones|Any CPU.ActiveCfg = Debug|Any CPU
		{577C93B9-ACD1-4EC2-83F5-C0FF3246FEBA}.BareBones|Any CPU.Build.0 = Debug|Any CPU
		{577C93B9-ACD1-4EC2-83F5-C0FF3246FEBA}.BareBones|x86.ActiveCfg = Debug|Any CPU
		{577C93B9-ACD1-4EC2-83F5-C0FF3246FEBA}.BareBones|x86.Build.0 = Debug|Any CPU
		{577C93B9-ACD1-4EC2-83F5-C0FF3246FEBA}.CHeader|Any CPU.ActiveCfg = Release|Any CPU
		{577C93B9-ACD1-4EC2-83F5-C0FF3246FEBA}.CHeader|Any CPU.Build.0 = Release|Any CPU
		{577C93B9-ACD1-4EC2-83F5-C0FF3246FEBA}.CHeader|x86.ActiveCfg = Debug|Any CPU
		{577C93B9-ACD1-4EC2-83F5-C0FF3246FEBA}.CHeader|x86.Build.0 = Debug|Any CPU
		{577C93B9-ACD1-4EC2-83F5-C0FF3246FEBA}.Compile BareBones|Any CPU.ActiveCfg = Release|Any CPU
		{577C93B9-ACD1-4EC2-83F5-C0FF3246FEBA}.Compile BareBones|Any CPU.Build.0 = Release|Any CPU
		{577C93B9-ACD1-4EC2-83F5-C0FF3246FEBA}.Compile BareBones|x86.ActiveCfg = Debug|Any CPU
		{577C93B9-ACD1-4EC2-83F5-C0FF3246FEBA}.Compile BareBones|x86.Build.0 = Debug|Any CPU
		{577C93B9-ACD1-4EC2-83F5-C0FF3246FEBA}.Compile libstdcs|Any CPU.ActiveCfg = Release|Any CPU
		{577C93B9-ACD1-4EC2-83F5-C0FF3246FEBA}.Compile libstdcs|Any CPU.Build.0 = Release|Any CPU
		{577C93B9-ACD1-4EC2-83F5-C0FF3246FEBA}.Compile libstdcs|x86.ActiveCfg = Debug|Any CPU
		{577C93B9-ACD1-4EC2-83F5-C0FF3246FEBA}.Compile libstdcs|x86.Build.0 = Debug|Any CPU
		{577C93B9-ACD1-4EC2-83F5-C0FF3246FEBA}.Compile libsupcs|Any CPU.ActiveCfg = Debug|Any CPU
		{577C93B9-ACD1-4EC2-83F5-C0FF3246FEBA}.Compile libsupcs|Any CPU.Build.0 = Debug|Any CPU
		{577C93B9-ACD1-4EC2-83F5-C0FF3246FEBA}.Compile libsupcs|x86.ActiveCfg = Debug|Any CPU
		{577C93B9-ACD1-4EC2-83F5-C0FF3246FEBA}.Compile libsupcs|x86.Build.0 = Debug|Any CPU
		{577C93B9-ACD1-4EC2-83F5-C0FF3246FEBA}.Compile libtysila|Any CPU.ActiveCfg = Release|Any CPU
		{577C93B9-ACD1-4EC2-83F5-C0FF3246FEBA}.Compile libtysila|Any CPU.Build.0 = Release|Any CPU
		{577C93B9-ACD1-4EC2-83F5-C0FF3246FEBA}.Compile libtysila|x86.ActiveCfg = Debug|Any CPU
		{577C93B9-ACD1-4EC2-83F5-C0FF3246FEBA}.Compile libtysila|x86.Build.0 = Debug|Any CPU
		{577C93B9-ACD1-4EC2-83F5-C0FF3246FEBA}.Compile metadata|Any CPU.ActiveCfg = Release|Any CPU
		{577C93B9-ACD1-4EC2-83F5-C0FF3246FEBA}.Compile metadata|Any CPU.Build.0 = Release|Any CPU
		{577C93B9-ACD1-4EC2-83F5-C0FF3246FEBA}.Compile metadata|x86.ActiveCfg = Debug|Any CPU
		{577C93B9-ACD1-4EC2-83F5-C0FF3246FEBA}.Compile metadata|x86.Build.0 = Debug|Any CPU
		{577C93B9-ACD1-4EC2-83F5-C0FF3246FEBA}.Compile mscorlib|Any CPU.ActiveCfg = Debug|Any CPU
		{577C93B9-ACD1-4EC2-83F5-C0FF3246FEBA}.Compile mscorlib|Any CPU.Build.0 = Debug|Any CPU
		{577C93B9-ACD1-4EC2-83F5-C0FF3246FEBA}.Compile mscorlib|x86.ActiveCfg = Debug|Any CPU
		{577C93B9-ACD1-4EC2-83F5-C0FF3246FEBA}.Compile mscorlib|x86.Build.0 = Debug|Any CPU
		{577C93B9-ACD1-4EC2-83F5-C0FF3246FEBA}.Compile TestProcess|Any CPU.ActiveCfg = Release|Any CPU
		{577C93B9-ACD1-4EC2-83F5-C0FF3246FEBA}.Compile TestProcess|Any CPU.Build.0 = Release|Any CPU
		{577C93B9-ACD1-4EC2-83F5-C0FF3246FEBA}.Compile TestProcess|x86.ActiveCfg = Debug|Any CPU
		{577C93B9-ACD1-4EC2-83F5-C0FF3246FEBA}.Compile TestProcess|x86.Build.0 = Debug|Any CPU
		{577C93B9-ACD1-4EC2-83F5-C0FF3246FEBA}.Debug|Any CPU.ActiveCfg = Debug|Any CPU
		{577C93B9-ACD1-4EC2-83F5-C0FF3246FEBA}.Debug|Any CPU.Build.0 = Debug|Any CPU
		{577C93B9-ACD1-4EC2-83F5-C0FF3246FEBA}.Debug|x86.ActiveCfg = Debug|Any CPU
		{577C93B9-ACD1-4EC2-83F5-C0FF3246FEBA}.Debug|x86.Build.0 = Debug|Any CPU
		{577C93B9-ACD1-4EC2-83F5-C0FF3246FEBA}.libsupcs-arm|Any CPU.ActiveCfg = Debug|Any CPU
		{577C93B9-ACD1-4EC2-83F5-C0FF3246FEBA}.libsupcs-arm|Any CPU.Build.0 = Debug|Any CPU
		{577C93B9-ACD1-4EC2-83F5-C0FF3246FEBA}.libsupcs-arm|x86.ActiveCfg = Debug|Any CPU
		{577C93B9-ACD1-4EC2-83F5-C0FF3246FEBA}.libsupcs-arm|x86.Build.0 = Debug|Any CPU
		{577C93B9-ACD1-4EC2-83F5-C0FF3246FEBA}.Release|Any CPU.ActiveCfg = Release|Any CPU
		{577C93B9-ACD1-4EC2-83F5-C0FF3246FEBA}.Release|Any CPU.Build.0 = Release|Any CPU
		{577C93B9-ACD1-4EC2-83F5-C0FF3246FEBA}.Release|x86.ActiveCfg = Release|Any CPU
		{577C93B9-ACD1-4EC2-83F5-C0FF3246FEBA}.Release|x86.Build.0 = Release|Any CPU
		{64B876B2-65A6-4D61-9F28-75580A91156F}.BareBones|Any CPU.ActiveCfg = Debug|Any CPU
		{64B876B2-65A6-4D61-9F28-75580A91156F}.BareBones|Any CPU.Build.0 = Debug|Any CPU
		{64B876B2-65A6-4D61-9F28-75580A91156F}.BareBones|x86.ActiveCfg = Debug|Any CPU
		{64B876B2-65A6-4D61-9F28-75580A91156F}.BareBones|x86.Build.0 = Debug|Any CPU
		{64B876B2-65A6-4D61-9F28-75580A91156F}.CHeader|Any CPU.ActiveCfg = Release|Any CPU
		{64B876B2-65A6-4D61-9F28-75580A91156F}.CHeader|Any CPU.Build.0 = Release|Any CPU
		{64B876B2-65A6-4D61-9F28-75580A91156F}.CHeader|x86.ActiveCfg = Debug|Any CPU
		{64B876B2-65A6-4D61-9F28-75580A91156F}.CHeader|x86.Build.0 = Debug|Any CPU
		{64B876B2-65A6-4D61-9F28-75580A91156F}.Compile BareBones|Any CPU.ActiveCfg = Release|Any CPU
		{64B876B2-65A6-4D61-9F28-75580A91156F}.Compile BareBones|Any CPU.Build.0 = Release|Any CPU
		{64B876B2-65A6-4D61-9F28-75580A91156F}.Compile BareBones|x86.ActiveCfg = Debug|Any CPU
		{64B876B2-65A6-4D61-9F28-75580A91156F}.Compile BareBones|x86.Build.0 = Debug|Any CPU
		{64B876B2-65A6-4D61-9F28-75580A91156F}.Compile libstdcs|Any CPU.ActiveCfg = Release|Any CPU
		{64B876B2-65A6-4D61-9F28-75580A91156F}.Compile libstdcs|Any CPU.Build.0 = Release|Any CPU
		{64B876B2-65A6-4D61-9F28-75580A91156F}.Compile libstdcs|x86.ActiveCfg = Debug|Any CPU
		{64B876B2-65A6-4D61-9F28-75580A91156F}.Compile libstdcs|x86.Build.0 = Debug|Any CPU
		{64B876B2-65A6-4D61-9F28-75580A91156F}.Compile libsupcs|Any CPU.ActiveCfg = Debug|Any CPU
		{64B876B2-65A6-4D61-9F28-75580A91156F}.Compile libsupcs|Any CPU.Build.0 = Debug|Any CPU
		{64B876B2-65A6-4D61-9F28-75580A91156F}.Compile libsupcs|x86.ActiveCfg = Debug|Any CPU
		{64B876B2-65A6-4D61-9F28-75580A91156F}.Compile libsupcs|x86.Build.0 = Debug|Any CPU
		{64B876B2-65A6-4D61-9F28-75580A91156F}.Compile libtysila|Any CPU.ActiveCfg = Release|Any CPU
		{64B876B2-65A6-4D61-9F28-75580A91156F}.Compile libtysila|Any CPU.Build.0 = Release|Any CPU
		{64B876B2-65A6-4D61-9F28-75580A91156F}.Compile libtysila|x86.ActiveCfg = Debug|Any CPU
		{64B876B2-65A6-4D61-9F28-75580A91156F}.Compile libtysila|x86.Build.0 = Debug|Any CPU
		{64B876B2-65A6-4D61-9F28-75580A91156F}.Compile metadata|Any CPU.ActiveCfg = Release|Any CPU
		{64B876B2-65A6-4D61-9F28-75580A91156F}.Compile metadata|Any CPU.Build.0 = Release|Any CPU
		{64B876B2-65A6-4D61-9F28-75580A91156F}.Compile metadata|x86.ActiveCfg = Debug|Any CPU
		{64B876B2-65A6-4D61-9F28-75580A91156F}.Compile metadata|x86.Build.0 = Debug|Any CPU
		{64B876B2-65A6-4D61-9F28-75580A91156F}.Compile mscorlib|Any CPU.ActiveCfg = Release|Any CPU
		{64B876B2-65A6-4D61-9F28-75580A91156F}.Compile mscorlib|Any CPU.Build.0 = Release|Any CPU
		{64B876B2-65A6-4D61-9F28-75580A91156F}.Compile mscorlib|x86.ActiveCfg = Debug|Any CPU
		{64B876B2-65A6-4D61-9F28-75580A91156F}.Compile mscorlib|x86.Build.0 = Debug|Any CPU
		{64B876B2-65A6-4D61-9F28-75580A91156F}.Compile TestProcess|Any CPU.ActiveCfg = Release|Any CPU
		{64B876B2-65A6-4D61-9F28-75580A91156F}.Compile TestProcess|Any CPU.Build.0 = Release|Any CPU
		{64B876B2-65A6-4D61-9F28-75580A91156F}.Compile TestProcess|x86.ActiveCfg = Debug|Any CPU
		{64B876B2-65A6-4D61-9F28-75580A91156F}.Compile TestProcess|x86.Build.0 = Debug|Any CPU
		{64B876B2-65A6-4D61-9F28-75580A91156F}.Debug|Any CPU.ActiveCfg = Debug|Any CPU
		{64B876B2-65A6-4D61-9F28-75580A91156F}.Debug|Any CPU.Build.0 = Debug|Any CPU
		{64B876B2-65A6-4D61-9F28-75580A91156F}.Debug|x86.ActiveCfg = Debug|Any CPU
		{64B876B2-65A6-4D61-9F28-75580A91156F}.Debug|x86.Build.0 = Debug|Any CPU
		{64B876B2-65A6-4D61-9F28-75580A91156F}.libsupcs-arm|Any CPU.ActiveCfg = Debug|Any CPU
		{64B876B2-65A6-4D61-9F28-75580A91156F}.libsupcs-arm|Any CPU.Build.0 = Debug|Any CPU
		{64B876B2-65A6-4D61-9F28-75580A91156F}.libsupcs-arm|x86.ActiveCfg = Debug|Any CPU
		{64B876B2-65A6-4D61-9F28-75580A91156F}.libsupcs-arm|x86.Build.0 = Debug|Any CPU
		{64B876B2-65A6-4D61-9F28-75580A91156F}.Release|Any CPU.ActiveCfg = Release|Any CPU
		{64B876B2-65A6-4D61-9F28-75580A91156F}.Release|Any CPU.Build.0 = Release|Any CPU
		{64B876B2-65A6-4D61-9F28-75580A91156F}.Release|x86.ActiveCfg = Release|Any CPU
		{64B876B2-65A6-4D61-9F28-75580A91156F}.Release|x86.Build.0 = Release|Any CPU
		{0B85407B-B286-4F7E-A6F7-264181EFDA67}.BareBones|Any CPU.ActiveCfg = Debug|Any CPU
		{0B85407B-B286-4F7E-A6F7-264181EFDA67}.BareBones|Any CPU.Build.0 = Debug|Any CPU
		{0B85407B-B286-4F7E-A6F7-264181EFDA67}.BareBones|x86.ActiveCfg = Release|Any CPU
		{0B85407B-B286-4F7E-A6F7-264181EFDA67}.BareBones|x86.Build.0 = Release|Any CPU
		{0B85407B-B286-4F7E-A6F7-264181EFDA67}.CHeader|Any CPU.ActiveCfg = Debug|Any CPU
		{0B85407B-B286-4F7E-A6F7-264181EFDA67}.CHeader|Any CPU.Build.0 = Debug|Any CPU
		{0B85407B-B286-4F7E-A6F7-264181EFDA67}.CHeader|x86.ActiveCfg = Debug|Any CPU
		{0B85407B-B286-4F7E-A6F7-264181EFDA67}.CHeader|x86.Build.0 = Debug|Any CPU
		{0B85407B-B286-4F7E-A6F7-264181EFDA67}.Compile BareBones|Any CPU.ActiveCfg = Debug|Any CPU
		{0B85407B-B286-4F7E-A6F7-264181EFDA67}.Compile BareBones|Any CPU.Build.0 = Debug|Any CPU
		{0B85407B-B286-4F7E-A6F7-264181EFDA67}.Compile BareBones|x86.ActiveCfg = Debug|Any CPU
		{0B85407B-B286-4F7E-A6F7-264181EFDA67}.Compile BareBones|x86.Build.0 = Debug|Any CPU
		{0B85407B-B286-4F7E-A6F7-264181EFDA67}.Compile libstdcs|Any CPU.ActiveCfg = Debug|Any CPU
		{0B85407B-B286-4F7E-A6F7-264181EFDA67}.Compile libstdcs|Any CPU.Build.0 = Debug|Any CPU
		{0B85407B-B286-4F7E-A6F7-264181EFDA67}.Compile libstdcs|x86.ActiveCfg = Debug|Any CPU
		{0B85407B-B286-4F7E-A6F7-264181EFDA67}.Compile libstdcs|x86.Build.0 = Debug|Any CPU
		{0B85407B-B286-4F7E-A6F7-264181EFDA67}.Compile libsupcs|Any CPU.ActiveCfg = Debug|Any CPU
		{0B85407B-B286-4F7E-A6F7-264181EFDA67}.Compile libsupcs|Any CPU.Build.0 = Debug|Any CPU
		{0B85407B-B286-4F7E-A6F7-264181EFDA67}.Compile libsupcs|x86.ActiveCfg = Debug|Any CPU
		{0B85407B-B286-4F7E-A6F7-264181EFDA67}.Compile libsupcs|x86.Build.0 = Debug|Any CPU
		{0B85407B-B286-4F7E-A6F7-264181EFDA67}.Compile libtysila|Any CPU.ActiveCfg = Debug|Any CPU
		{0B85407B-B286-4F7E-A6F7-264181EFDA67}.Compile libtysila|Any CPU.Build.0 = Debug|Any CPU
		{0B85407B-B286-4F7E-A6F7-264181EFDA67}.Compile libtysila|x86.ActiveCfg = Debug|Any CPU
		{0B85407B-B286-4F7E-A6F7-264181EFDA67}.Compile libtysila|x86.Build.0 = Debug|Any CPU
		{0B85407B-B286-4F7E-A6F7-264181EFDA67}.Compile metadata|Any CPU.ActiveCfg = Debug|Any CPU
		{0B85407B-B286-4F7E-A6F7-264181EFDA67}.Compile metadata|Any CPU.Build.0 = Debug|Any CPU
		{0B85407B-B286-4F7E-A6F7-264181EFDA67}.Compile metadata|x86.ActiveCfg = Debug|Any CPU
		{0B85407B-B286-4F7E-A6F7-264181EFDA67}.Compile metadata|x86.Build.0 = Debug|Any CPU
		{0B85407B-B286-4F7E-A6F7-264181EFDA67}.Compile mscorlib|Any CPU.ActiveCfg = Debug|Any CPU
		{0B85407B-B286-4F7E-A6F7-264181EFDA67}.Compile mscorlib|Any CPU.Build.0 = Debug|Any CPU
		{0B85407B-B286-4F7E-A6F7-264181EFDA67}.Compile mscorlib|x86.ActiveCfg = Debug|Any CPU
		{0B85407B-B286-4F7E-A6F7-264181EFDA67}.Compile mscorlib|x86.Build.0 = Debug|Any CPU
		{0B85407B-B286-4F7E-A6F7-264181EFDA67}.Compile TestProcess|Any CPU.ActiveCfg = Debug|Any CPU
		{0B85407B-B286-4F7E-A6F7-264181EFDA67}.Compile TestProcess|Any CPU.Build.0 = Debug|Any CPU
		{0B85407B-B286-4F7E-A6F7-264181EFDA67}.Compile TestProcess|x86.ActiveCfg = Debug|Any CPU
		{0B85407B-B286-4F7E-A6F7-264181EFDA67}.Compile TestProcess|x86.Build.0 = Debug|Any CPU
		{0B85407B-B286-4F7E-A6F7-264181EFDA67}.Debug|Any CPU.ActiveCfg = Debug|Any CPU
		{0B85407B-B286-4F7E-A6F7-264181EFDA67}.Debug|Any CPU.Build.0 = Debug|Any CPU
		{0B85407B-B286-4F7E-A6F7-264181EFDA67}.Debug|x86.ActiveCfg = Debug|Any CPU
		{0B85407B-B286-4F7E-A6F7-264181EFDA67}.Debug|x86.Build.0 = Debug|Any CPU
		{0B85407B-B286-4F7E-A6F7-264181EFDA67}.libsupcs-arm|Any CPU.ActiveCfg = Debug|Any CPU
		{0B85407B-B286-4F7E-A6F7-264181EFDA67}.libsupcs-arm|Any CPU.Build.0 = Debug|Any CPU
		{0B85407B-B286-4F7E-A6F7-264181EFDA67}.libsupcs-arm|x86.ActiveCfg = Debug|Any CPU
		{0B85407B-B286-4F7E-A6F7-264181EFDA67}.libsupcs-arm|x86.Build.0 = Debug|Any CPU
		{0B85407B-B286-4F7E-A6F7-264181EFDA67}.Release|Any CPU.ActiveCfg = Release|Any CPU
		{0B85407B-B286-4F7E-A6F7-264181EFDA67}.Release|Any CPU.Build.0 = Release|Any CPU
		{0B85407B-B286-4F7E-A6F7-264181EFDA67}.Release|x86.ActiveCfg = Release|Any CPU
		{0B85407B-B286-4F7E-A6F7-264181EFDA67}.Release|x86.Build.0 = Release|Any CPU
		{D717D6F9-38FB-4C2C-BA3E-C8B2FDE9B446}.BareBones|Any CPU.ActiveCfg = Debug|Any CPU
		{D717D6F9-38FB-4C2C-BA3E-C8B2FDE9B446}.BareBones|Any CPU.Build.0 = Debug|Any CPU
		{D717D6F9-38FB-4C2C-BA3E-C8B2FDE9B446}.BareBones|x86.ActiveCfg = Release|Any CPU
		{D717D6F9-38FB-4C2C-BA3E-C8B2FDE9B446}.BareBones|x86.Build.0 = Release|Any CPU
		{D717D6F9-38FB-4C2C-BA3E-C8B2FDE9B446}.CHeader|Any CPU.ActiveCfg = Debug|Any CPU
		{D717D6F9-38FB-4C2C-BA3E-C8B2FDE9B446}.CHeader|Any CPU.Build.0 = Debug|Any CPU
		{D717D6F9-38FB-4C2C-BA3E-C8B2FDE9B446}.CHeader|x86.ActiveCfg = Debug|Any CPU
		{D717D6F9-38FB-4C2C-BA3E-C8B2FDE9B446}.CHeader|x86.Build.0 = Debug|Any CPU
		{D717D6F9-38FB-4C2C-BA3E-C8B2FDE9B446}.Compile BareBones|Any CPU.ActiveCfg = Debug|Any CPU
		{D717D6F9-38FB-4C2C-BA3E-C8B2FDE9B446}.Compile BareBones|Any CPU.Build.0 = Debug|Any CPU
		{D717D6F9-38FB-4C2C-BA3E-C8B2FDE9B446}.Compile BareBones|x86.ActiveCfg = Debug|Any CPU
		{D717D6F9-38FB-4C2C-BA3E-C8B2FDE9B446}.Compile BareBones|x86.Build.0 = Debug|Any CPU
		{D717D6F9-38FB-4C2C-BA3E-C8B2FDE9B446}.Compile libstdcs|Any CPU.ActiveCfg = Debug|Any CPU
		{D717D6F9-38FB-4C2C-BA3E-C8B2FDE9B446}.Compile libstdcs|Any CPU.Build.0 = Debug|Any CPU
		{D717D6F9-38FB-4C2C-BA3E-C8B2FDE9B446}.Compile libstdcs|x86.ActiveCfg = Debug|Any CPU
		{D717D6F9-38FB-4C2C-BA3E-C8B2FDE9B446}.Compile libstdcs|x86.Build.0 = Debug|Any CPU
		{D717D6F9-38FB-4C2C-BA3E-C8B2FDE9B446}.Compile libsupcs|Any CPU.ActiveCfg = Debug|Any CPU
		{D717D6F9-38FB-4C2C-BA3E-C8B2FDE9B446}.Compile libsupcs|Any CPU.Build.0 = Debug|Any CPU
		{D717D6F9-38FB-4C2C-BA3E-C8B2FDE9B446}.Compile libsupcs|x86.ActiveCfg = Debug|Any CPU
		{D717D6F9-38FB-4C2C-BA3E-C8B2FDE9B446}.Compile libsupcs|x86.Build.0 = Debug|Any CPU
		{D717D6F9-38FB-4C2C-BA3E-C8B2FDE9B446}.Compile libtysila|Any CPU.ActiveCfg = Debug|Any CPU
		{D717D6F9-38FB-4C2C-BA3E-C8B2FDE9B446}.Compile libtysila|Any CPU.Build.0 = Debug|Any CPU
		{D717D6F9-38FB-4C2C-BA3E-C8B2FDE9B446}.Compile libtysila|x86.ActiveCfg = Debug|Any CPU
		{D717D6F9-38FB-4C2C-BA3E-C8B2FDE9B446}.Compile libtysila|x86.Build.0 = Debug|Any CPU
		{D717D6F9-38FB-4C2C-BA3E-C8B2FDE9B446}.Compile metadata|Any CPU.ActiveCfg = Debug|Any CPU
		{D717D6F9-38FB-4C2C-BA3E-C8B2FDE9B446}.Compile metadata|Any CPU.Build.0 = Debug|Any CPU
		{D717D6F9-38FB-4C2C-BA3E-C8B2FDE9B446}.Compile metadata|x86.ActiveCfg = Debug|Any CPU
		{D717D6F9-38FB-4C2C-BA3E-C8B2FDE9B446}.Compile metadata|x86.Build.0 = Debug|Any CPU
		{D717D6F9-38FB-4C2C-BA3E-C8B2FDE9B446}.Compile mscorlib|Any CPU.ActiveCfg = Debug|Any CPU
		{D717D6F9-38FB-4C2C-BA3E-C8B2FDE9B446}.Compile mscorlib|Any CPU.Build.0 = Debug|Any CPU
		{D717D6F9-38FB-4C2C-BA3E-C8B2FDE9B446}.Compile mscorlib|x86.ActiveCfg = Debug|Any CPU
		{D717D6F9-38FB-4C2C-BA3E-C8B2FDE9B446}.Compile mscorlib|x86.Build.0 = Debug|Any CPU
		{D717D6F9-38FB-4C2C-BA3E-C8B2FDE9B446}.Compile TestProcess|Any CPU.ActiveCfg = Debug|Any CPU
		{D717D6F9-38FB-4C2C-BA3E-C8B2FDE9B446}.Compile TestProcess|Any CPU.Build.0 = Debug|Any CPU
		{D717D6F9-38FB-4C2C-BA3E-C8B2FDE9B446}.Compile TestProcess|x86.ActiveCfg = Debug|Any CPU
		{D717D6F9-38FB-4C2C-BA3E-C8B2FDE9B446}.Compile TestProcess|x86.Build.0 = Debug|Any CPU
		{D717D6F9-38FB-4C2C-BA3E-C8B2FDE9B446}.Debug|Any CPU.ActiveCfg = Debug|Any CPU
		{D717D6F9-38FB-4C2C-BA3E-C8B2FDE9B446}.Debug|Any CPU.Build.0 = Debug|Any CPU
		{D717D6F9-38FB-4C2C-BA3E-C8B2FDE9B446}.Debug|x86.ActiveCfg = Debug|Any CPU
		{D717D6F9-38FB-4C2C-BA3E-C8B2FDE9B446}.Debug|x86.Build.0 = Debug|Any CPU
		{D717D6F9-38FB-4C2C-BA3E-C8B2FDE9B446}.libsupcs-arm|Any CPU.ActiveCfg = Debug|Any CPU
		{D717D6F9-38FB-4C2C-BA3E-C8B2FDE9B446}.libsupcs-arm|Any CPU.Build.0 = Debug|Any CPU
		{D717D6F9-38FB-4C2C-BA3E-C8B2FDE9B446}.libsupcs-arm|x86.ActiveCfg = Debug|Any CPU
		{D717D6F9-38FB-4C2C-BA3E-C8B2FDE9B446}.libsupcs-arm|x86.Build.0 = Debug|Any CPU
		{D717D6F9-38FB-4C2C-BA3E-C8B2FDE9B446}.Release|Any CPU.ActiveCfg = Release|Any CPU
		{D717D6F9-38FB-4C2C-BA3E-C8B2FDE9B446}.Release|Any CPU.Build.0 = Release|Any CPU
		{D717D6F9-38FB-4C2C-BA3E-C8B2FDE9B446}.Release|x86.ActiveCfg = Release|Any CPU
		{D717D6F9-38FB-4C2C-BA3E-C8B2FDE9B446}.Release|x86.Build.0 = Release|Any CPU
		{82B7AF62-E4BD-4909-B8EF-1654A34F466E}.BareBones|Any CPU.ActiveCfg = Debug|Any CPU
		{82B7AF62-E4BD-4909-B8EF-1654A34F466E}.BareBones|Any CPU.Build.0 = Debug|Any CPU
		{82B7AF62-E4BD-4909-B8EF-1654A34F466E}.BareBones|x86.ActiveCfg = Debug|Any CPU
		{82B7AF62-E4BD-4909-B8EF-1654A34F466E}.BareBones|x86.Build.0 = Debug|Any CPU
		{82B7AF62-E4BD-4909-B8EF-1654A34F466E}.CHeader|Any CPU.ActiveCfg = Release|Any CPU
		{82B7AF62-E4BD-4909-B8EF-1654A34F466E}.CHeader|Any CPU.Build.0 = Release|Any CPU
		{82B7AF62-E4BD-4909-B8EF-1654A34F466E}.CHeader|x86.ActiveCfg = Release|Any CPU
		{82B7AF62-E4BD-4909-B8EF-1654A34F466E}.CHeader|x86.Build.0 = Release|Any CPU
		{82B7AF62-E4BD-4909-B8EF-1654A34F466E}.Compile BareBones|Any CPU.ActiveCfg = Release|Any CPU
		{82B7AF62-E4BD-4909-B8EF-1654A34F466E}.Compile BareBones|Any CPU.Build.0 = Release|Any CPU
		{82B7AF62-E4BD-4909-B8EF-1654A34F466E}.Compile BareBones|x86.ActiveCfg = Release|Any CPU
		{82B7AF62-E4BD-4909-B8EF-1654A34F466E}.Compile BareBones|x86.Build.0 = Release|Any CPU
		{82B7AF62-E4BD-4909-B8EF-1654A34F466E}.Compile libstdcs|Any CPU.ActiveCfg = Release|Any CPU
		{82B7AF62-E4BD-4909-B8EF-1654A34F466E}.Compile libstdcs|Any CPU.Build.0 = Release|Any CPU
		{82B7AF62-E4BD-4909-B8EF-1654A34F466E}.Compile libstdcs|x86.ActiveCfg = Release|Any CPU
		{82B7AF62-E4BD-4909-B8EF-1654A34F466E}.Compile libstdcs|x86.Build.0 = Release|Any CPU
		{82B7AF62-E4BD-4909-B8EF-1654A34F466E}.Compile libsupcs|Any CPU.ActiveCfg = Debug|Any CPU
		{82B7AF62-E4BD-4909-B8EF-1654A34F466E}.Compile libsupcs|Any CPU.Build.0 = Debug|Any CPU
		{82B7AF62-E4BD-4909-B8EF-1654A34F466E}.Compile libsupcs|x86.ActiveCfg = Release|Any CPU
		{82B7AF62-E4BD-4909-B8EF-1654A34F466E}.Compile libsupcs|x86.Build.0 = Release|Any CPU
		{82B7AF62-E4BD-4909-B8EF-1654A34F466E}.Compile libtysila|Any CPU.ActiveCfg = Release|Any CPU
		{82B7AF62-E4BD-4909-B8EF-1654A34F466E}.Compile libtysila|Any CPU.Build.0 = Release|Any CPU
		{82B7AF62-E4BD-4909-B8EF-1654A34F466E}.Compile libtysila|x86.ActiveCfg = Release|Any CPU
		{82B7AF62-E4BD-4909-B8EF-1654A34F466E}.Compile libtysila|x86.Build.0 = Release|Any CPU
		{82B7AF62-E4BD-4909-B8EF-1654A34F466E}.Compile metadata|Any CPU.ActiveCfg = Release|Any CPU
		{82B7AF62-E4BD-4909-B8EF-1654A34F466E}.Compile metadata|Any CPU.Build.0 = Release|Any CPU
		{82B7AF62-E4BD-4909-B8EF-1654A34F466E}.Compile metadata|x86.ActiveCfg = Release|Any CPU
		{82B7AF62-E4BD-4909-B8EF-1654A34F466E}.Compile metadata|x86.Build.0 = Release|Any CPU
		{82B7AF62-E4BD-4909-B8EF-1654A34F466E}.Compile mscorlib|Any CPU.ActiveCfg = Release|Any CPU
		{82B7AF62-E4BD-4909-B8EF-1654A34F466E}.Compile mscorlib|Any CPU.Build.0 = Release|Any CPU
		{82B7AF62-E4BD-4909-B8EF-1654A34F466E}.Compile mscorlib|x86.ActiveCfg = Release|Any CPU
		{82B7AF62-E4BD-4909-B8EF-1654A34F466E}.Compile mscorlib|x86.Build.0 = Release|Any CPU
		{82B7AF62-E4BD-4909-B8EF-1654A34F466E}.Compile TestProcess|Any CPU.ActiveCfg = Release|Any CPU
		{82B7AF62-E4BD-4909-B8EF-1654A34F466E}.Compile TestProcess|Any CPU.Build.0 = Release|Any CPU
		{82B7AF62-E4BD-4909-B8EF-1654A34F466E}.Compile TestProcess|x86.ActiveCfg = Release|Any CPU
		{82B7AF62-E4BD-4909-B8EF-1654A34F466E}.Compile TestProcess|x86.Build.0 = Release|Any CPU
		{82B7AF62-E4BD-4909-B8EF-1654A34F466E}.Debug|Any CPU.ActiveCfg = Debug|Any CPU
		{82B7AF62-E4BD-4909-B8EF-1654A34F466E}.Debug|Any CPU.Build.0 = Debug|Any CPU
		{82B7AF62-E4BD-4909-B8EF-1654A34F466E}.Debug|x86.ActiveCfg = Debug|Any CPU
		{82B7AF62-E4BD-4909-B8EF-1654A34F466E}.Debug|x86.Build.0 = Debug|Any CPU
		{82B7AF62-E4BD-4909-B8EF-1654A34F466E}.libsupcs-arm|Any CPU.ActiveCfg = Debug|Any CPU
		{82B7AF62-E4BD-4909-B8EF-1654A34F466E}.libsupcs-arm|Any CPU.Build.0 = Debug|Any CPU
		{82B7AF62-E4BD-4909-B8EF-1654A34F466E}.libsupcs-arm|x86.ActiveCfg = Release|Any CPU
		{82B7AF62-E4BD-4909-B8EF-1654A34F466E}.libsupcs-arm|x86.Build.0 = Release|Any CPU
		{82B7AF62-E4BD-4909-B8EF-1654A34F466E}.Release|Any CPU.ActiveCfg = Release|Any CPU
		{82B7AF62-E4BD-4909-B8EF-1654A34F466E}.Release|Any CPU.Build.0 = Release|Any CPU
		{82B7AF62-E4BD-4909-B8EF-1654A34F466E}.Release|x86.ActiveCfg = Release|Any CPU
		{82B7AF62-E4BD-4909-B8EF-1654A34F466E}.Release|x86.Build.0 = Release|Any CPU
		{43CDA38B-8F50-4325-8FD1-B9EEAB05F64F}.BareBones|Any CPU.ActiveCfg = Debug|Any CPU
		{43CDA38B-8F50-4325-8FD1-B9EEAB05F64F}.BareBones|Any CPU.Build.0 = Debug|Any CPU
		{43CDA38B-8F50-4325-8FD1-B9EEAB05F64F}.BareBones|x86.ActiveCfg = Debug|Any CPU
		{43CDA38B-8F50-4325-8FD1-B9EEAB05F64F}.BareBones|x86.Build.0 = Debug|Any CPU
		{43CDA38B-8F50-4325-8FD1-B9EEAB05F64F}.CHeader|Any CPU.ActiveCfg = Release|Any CPU
		{43CDA38B-8F50-4325-8FD1-B9EEAB05F64F}.CHeader|Any CPU.Build.0 = Release|Any CPU
		{43CDA38B-8F50-4325-8FD1-B9EEAB05F64F}.CHeader|x86.ActiveCfg = Release|Any CPU
		{43CDA38B-8F50-4325-8FD1-B9EEAB05F64F}.CHeader|x86.Build.0 = Release|Any CPU
		{43CDA38B-8F50-4325-8FD1-B9EEAB05F64F}.Compile BareBones|Any CPU.ActiveCfg = Release|Any CPU
		{43CDA38B-8F50-4325-8FD1-B9EEAB05F64F}.Compile BareBones|Any CPU.Build.0 = Release|Any CPU
		{43CDA38B-8F50-4325-8FD1-B9EEAB05F64F}.Compile BareBones|x86.ActiveCfg = Release|Any CPU
		{43CDA38B-8F50-4325-8FD1-B9EEAB05F64F}.Compile BareBones|x86.Build.0 = Release|Any CPU
		{43CDA38B-8F50-4325-8FD1-B9EEAB05F64F}.Compile libstdcs|Any CPU.ActiveCfg = Release|Any CPU
		{43CDA38B-8F50-4325-8FD1-B9EEAB05F64F}.Compile libstdcs|Any CPU.Build.0 = Release|Any CPU
		{43CDA38B-8F50-4325-8FD1-B9EEAB05F64F}.Compile libstdcs|x86.ActiveCfg = Release|Any CPU
		{43CDA38B-8F50-4325-8FD1-B9EEAB05F64F}.Compile libstdcs|x86.Build.0 = Release|Any CPU
		{43CDA38B-8F50-4325-8FD1-B9EEAB05F64F}.Compile libsupcs|Any CPU.ActiveCfg = Debug|Any CPU
		{43CDA38B-8F50-4325-8FD1-B9EEAB05F64F}.Compile libsupcs|Any CPU.Build.0 = Debug|Any CPU
		{43CDA38B-8F50-4325-8FD1-B9EEAB05F64F}.Compile libsupcs|x86.ActiveCfg = Release|Any CPU
		{43CDA38B-8F50-4325-8FD1-B9EEAB05F64F}.Compile libsupcs|x86.Build.0 = Release|Any CPU
		{43CDA38B-8F50-4325-8FD1-B9EEAB05F64F}.Compile libtysila|Any CPU.ActiveCfg = Release|Any CPU
		{43CDA38B-8F50-4325-8FD1-B9EEAB05F64F}.Compile libtysila|Any CPU.Build.0 = Release|Any CPU
		{43CDA38B-8F50-4325-8FD1-B9EEAB05F64F}.Compile libtysila|x86.ActiveCfg = Release|Any CPU
		{43CDA38B-8F50-4325-8FD1-B9EEAB05F64F}.Compile libtysila|x86.Build.0 = Release|Any CPU
		{43CDA38B-8F50-4325-8FD1-B9EEAB05F64F}.Compile metadata|Any CPU.ActiveCfg = Release|Any CPU
		{43CDA38B-8F50-4325-8FD1-B9EEAB05F64F}.Compile metadata|Any CPU.Build.0 = Release|Any CPU
		{43CDA38B-8F50-4325-8FD1-B9EEAB05F64F}.Compile metadata|x86.ActiveCfg = Release|Any CPU
		{43CDA38B-8F50-4325-8FD1-B9EEAB05F64F}.Compile metadata|x86.Build.0 = Release|Any CPU
		{43CDA38B-8F50-4325-8FD1-B9EEAB05F64F}.Compile mscorlib|Any CPU.ActiveCfg = Release|Any CPU
		{43CDA38B-8F50-4325-8FD1-B9EEAB05F64F}.Compile mscorlib|Any CPU.Build.0 = Release|Any CPU
		{43CDA38B-8F50-4325-8FD1-B9EEAB05F64F}.Compile mscorlib|x86.ActiveCfg = Release|Any CPU
		{43CDA38B-8F50-4325-8FD1-B9EEAB05F64F}.Compile mscorlib|x86.Build.0 = Release|Any CPU
		{43CDA38B-8F50-4325-8FD1-B9EEAB05F64F}.Compile TestProcess|Any CPU.ActiveCfg = Release|Any CPU
		{43CDA38B-8F50-4325-8FD1-B9EEAB05F64F}.Compile TestProcess|Any CPU.Build.0 = Release|Any CPU
		{43CDA38B-8F50-4325-8FD1-B9EEAB05F64F}.Compile TestProcess|x86.ActiveCfg = Release|Any CPU
		{43CDA38B-8F50-4325-8FD1-B9EEAB05F64F}.Compile TestProcess|x86.Build.0 = Release|Any CPU
		{43CDA38B-8F50-4325-8FD1-B9EEAB05F64F}.Debug|Any CPU.ActiveCfg = Debug|Any CPU
		{43CDA38B-8F50-4325-8FD1-B9EEAB05F64F}.Debug|Any CPU.Build.0 = Debug|Any CPU
		{43CDA38B-8F50-4325-8FD1-B9EEAB05F64F}.Debug|x86.ActiveCfg = Debug|Any CPU
		{43CDA38B-8F50-4325-8FD1-B9EEAB05F64F}.Debug|x86.Build.0 = Debug|Any CPU
		{43CDA38B-8F50-4325-8FD1-B9EEAB05F64F}.libsupcs-arm|Any CPU.ActiveCfg = Debug|Any CPU
		{43CDA38B-8F50-4325-8FD1-B9EEAB05F64F}.libsupcs-arm|Any CPU.Build.0 = Debug|Any CPU
		{43CDA38B-8F50-4325-8FD1-B9EEAB05F64F}.libsupcs-arm|x86.ActiveCfg = Release|Any CPU
		{43CDA38B-8F50-4325-8FD1-B9EEAB05F64F}.libsupcs-arm|x86.Build.0 = Release|Any CPU
		{43CDA38B-8F50-4325-8FD1-B9EEAB05F64F}.Release|Any CPU.ActiveCfg = Release|Any CPU
		{43CDA38B-8F50-4325-8FD1-B9EEAB05F64F}.Release|Any CPU.Build.0 = Release|Any CPU
		{43CDA38B-8F50-4325-8FD1-B9EEAB05F64F}.Release|x86.ActiveCfg = Release|Any CPU
		{43CDA38B-8F50-4325-8FD1-B9EEAB05F64F}.Release|x86.Build.0 = Release|Any CPU
		{86C5582B-95B2-4726-BB35-F35134EA73BF}.BareBones|Any CPU.ActiveCfg = Debug|Any CPU
		{86C5582B-95B2-4726-BB35-F35134EA73BF}.BareBones|Any CPU.Build.0 = Debug|Any CPU
		{86C5582B-95B2-4726-BB35-F35134EA73BF}.BareBones|x86.ActiveCfg = Release|Any CPU
		{86C5582B-95B2-4726-BB35-F35134EA73BF}.BareBones|x86.Build.0 = Release|Any CPU
		{86C5582B-95B2-4726-BB35-F35134EA73BF}.CHeader|Any CPU.ActiveCfg = Debug|Any CPU
		{86C5582B-95B2-4726-BB35-F35134EA73BF}.CHeader|Any CPU.Build.0 = Debug|Any CPU
		{86C5582B-95B2-4726-BB35-F35134EA73BF}.CHeader|x86.ActiveCfg = Debug|Any CPU
		{86C5582B-95B2-4726-BB35-F35134EA73BF}.CHeader|x86.Build.0 = Debug|Any CPU
		{86C5582B-95B2-4726-BB35-F35134EA73BF}.Compile BareBones|Any CPU.ActiveCfg = Debug|Any CPU
		{86C5582B-95B2-4726-BB35-F35134EA73BF}.Compile BareBones|Any CPU.Build.0 = Debug|Any CPU
		{86C5582B-95B2-4726-BB35-F35134EA73BF}.Compile BareBones|x86.ActiveCfg = Debug|Any CPU
		{86C5582B-95B2-4726-BB35-F35134EA73BF}.Compile BareBones|x86.Build.0 = Debug|Any CPU
		{86C5582B-95B2-4726-BB35-F35134EA73BF}.Compile libstdcs|Any CPU.ActiveCfg = Debug|Any CPU
		{86C5582B-95B2-4726-BB35-F35134EA73BF}.Compile libstdcs|Any CPU.Build.0 = Debug|Any CPU
		{86C5582B-95B2-4726-BB35-F35134EA73BF}.Compile libstdcs|x86.ActiveCfg = Debug|Any CPU
		{86C5582B-95B2-4726-BB35-F35134EA73BF}.Compile libstdcs|x86.Build.0 = Debug|Any CPU
		{86C5582B-95B2-4726-BB35-F35134EA73BF}.Compile libsupcs|Any CPU.ActiveCfg = Debug|Any CPU
		{86C5582B-95B2-4726-BB35-F35134EA73BF}.Compile libsupcs|Any CPU.Build.0 = Debug|Any CPU
		{86C5582B-95B2-4726-BB35-F35134EA73BF}.Compile libsupcs|x86.ActiveCfg = Debug|Any CPU
		{86C5582B-95B2-4726-BB35-F35134EA73BF}.Compile libsupcs|x86.Build.0 = Debug|Any CPU
		{86C5582B-95B2-4726-BB35-F35134EA73BF}.Compile libtysila|Any CPU.ActiveCfg = Debug|Any CPU
		{86C5582B-95B2-4726-BB35-F35134EA73BF}.Compile libtysila|Any CPU.Build.0 = Debug|Any CPU
		{86C5582B-95B2-4726-BB35-F35134EA73BF}.Compile libtysila|x86.ActiveCfg = Debug|Any CPU
		{86C5582B-95B2-4726-BB35-F35134EA73BF}.Compile libtysila|x86.Build.0 = Debug|Any CPU
		{86C5582B-95B2-4726-BB35-F35134EA73BF}.Compile metadata|Any CPU.ActiveCfg = Debug|Any CPU
		{86C5582B-95B2-4726-BB35-F35134EA73BF}.Compile metadata|Any CPU.Build.0 = Debug|Any CPU
		{86C5582B-95B2-4726-BB35-F35134EA73BF}.Compile metadata|x86.ActiveCfg = Debug|Any CPU
		{86C5582B-95B2-4726-BB35-F35134EA73BF}.Compile metadata|x86.Build.0 = Debug|Any CPU
		{86C5582B-95B2-4726-BB35-F35134EA73BF}.Compile mscorlib|Any CPU.ActiveCfg = Debug|Any CPU
		{86C5582B-95B2-4726-BB35-F35134EA73BF}.Compile mscorlib|Any CPU.Build.0 = Debug|Any CPU
		{86C5582B-95B2-4726-BB35-F35134EA73BF}.Compile mscorlib|x86.ActiveCfg = Debug|Any CPU
		{86C5582B-95B2-4726-BB35-F35134EA73BF}.Compile mscorlib|x86.Build.0 = Debug|Any CPU
		{86C5582B-95B2-4726-BB35-F35134EA73BF}.Compile TestProcess|Any CPU.ActiveCfg = Debug|Any CPU
		{86C5582B-95B2-4726-BB35-F35134EA73BF}.Compile TestProcess|Any CPU.Build.0 = Debug|Any CPU
		{86C5582B-95B2-4726-BB35-F35134EA73BF}.Compile TestProcess|x86.ActiveCfg = Debug|Any CPU
		{86C5582B-95B2-4726-BB35-F35134EA73BF}.Compile TestProcess|x86.Build.0 = Debug|Any CPU
		{86C5582B-95B2-4726-BB35-F35134EA73BF}.Debug|Any CPU.ActiveCfg = Debug|Any CPU
		{86C5582B-95B2-4726-BB35-F35134EA73BF}.Debug|Any CPU.Build.0 = Debug|Any CPU
		{86C5582B-95B2-4726-BB35-F35134EA73BF}.Debug|x86.ActiveCfg = Debug|Any CPU
		{86C5582B-95B2-4726-BB35-F35134EA73BF}.Debug|x86.Build.0 = Debug|Any CPU
		{86C5582B-95B2-4726-BB35-F35134EA73BF}.libsupcs-arm|Any CPU.ActiveCfg = Debug|Any CPU
		{86C5582B-95B2-4726-BB35-F35134EA73BF}.libsupcs-arm|Any CPU.Build.0 = Debug|Any CPU
		{86C5582B-95B2-4726-BB35-F35134EA73BF}.libsupcs-arm|x86.ActiveCfg = Debug|Any CPU
		{86C5582B-95B2-4726-BB35-F35134EA73BF}.libsupcs-arm|x86.Build.0 = Debug|Any CPU
		{86C5582B-95B2-4726-BB35-F35134EA73BF}.Release|Any CPU.ActiveCfg = Release|Any CPU
		{86C5582B-95B2-4726-BB35-F35134EA73BF}.Release|Any CPU.Build.0 = Release|Any CPU
		{86C5582B-95B2-4726-BB35-F35134EA73BF}.Release|x86.ActiveCfg = Release|Any CPU
		{86C5582B-95B2-4726-BB35-F35134EA73BF}.Release|x86.Build.0 = Release|Any CPU
		{725897E7-4A20-4D94-917E-BB0F6BFA1257}.BareBones|Any CPU.ActiveCfg = Debug|Any CPU
		{725897E7-4A20-4D94-917E-BB0F6BFA1257}.BareBones|Any CPU.Build.0 = Debug|Any CPU
		{725897E7-4A20-4D94-917E-BB0F6BFA1257}.BareBones|x86.ActiveCfg = Debug|Any CPU
		{725897E7-4A20-4D94-917E-BB0F6BFA1257}.BareBones|x86.Build.0 = Debug|Any CPU
		{725897E7-4A20-4D94-917E-BB0F6BFA1257}.CHeader|Any CPU.ActiveCfg = Debug|Any CPU
		{725897E7-4A20-4D94-917E-BB0F6BFA1257}.CHeader|Any CPU.Build.0 = Debug|Any CPU
		{725897E7-4A20-4D94-917E-BB0F6BFA1257}.CHeader|x86.ActiveCfg = Debug|Any CPU
		{725897E7-4A20-4D94-917E-BB0F6BFA1257}.CHeader|x86.Build.0 = Debug|Any CPU
		{725897E7-4A20-4D94-917E-BB0F6BFA1257}.Compile BareBones|Any CPU.ActiveCfg = Debug|Any CPU
		{725897E7-4A20-4D94-917E-BB0F6BFA1257}.Compile BareBones|Any CPU.Build.0 = Debug|Any CPU
		{725897E7-4A20-4D94-917E-BB0F6BFA1257}.Compile BareBones|x86.ActiveCfg = Debug|Any CPU
		{725897E7-4A20-4D94-917E-BB0F6BFA1257}.Compile BareBones|x86.Build.0 = Debug|Any CPU
		{725897E7-4A20-4D94-917E-BB0F6BFA1257}.Compile libstdcs|Any CPU.ActiveCfg = Debug|Any CPU
		{725897E7-4A20-4D94-917E-BB0F6BFA1257}.Compile libstdcs|Any CPU.Build.0 = Debug|Any CPU
		{725897E7-4A20-4D94-917E-BB0F6BFA1257}.Compile libstdcs|x86.ActiveCfg = Debug|Any CPU
		{725897E7-4A20-4D94-917E-BB0F6BFA1257}.Compile libstdcs|x86.Build.0 = Debug|Any CPU
		{725897E7-4A20-4D94-917E-BB0F6BFA1257}.Compile libsupcs|Any CPU.ActiveCfg = Debug|Any CPU
		{725897E7-4A20-4D94-917E-BB0F6BFA1257}.Compile libsupcs|Any CPU.Build.0 = Debug|Any CPU
		{725897E7-4A20-4D94-917E-BB0F6BFA1257}.Compile libsupcs|x86.ActiveCfg = Debug|Any CPU
		{725897E7-4A20-4D94-917E-BB0F6BFA1257}.Compile libsupcs|x86.Build.0 = Debug|Any CPU
		{725897E7-4A20-4D94-917E-BB0F6BFA1257}.Compile libtysila|Any CPU.ActiveCfg = Debug|Any CPU
		{725897E7-4A20-4D94-917E-BB0F6BFA1257}.Compile libtysila|Any CPU.Build.0 = Debug|Any CPU
		{725897E7-4A20-4D94-917E-BB0F6BFA1257}.Compile libtysila|x86.ActiveCfg = Debug|Any CPU
		{725897E7-4A20-4D94-917E-BB0F6BFA1257}.Compile libtysila|x86.Build.0 = Debug|Any CPU
		{725897E7-4A20-4D94-917E-BB0F6BFA1257}.Compile metadata|Any CPU.ActiveCfg = Debug|Any CPU
		{725897E7-4A20-4D94-917E-BB0F6BFA1257}.Compile metadata|Any CPU.Build.0 = Debug|Any CPU
		{725897E7-4A20-4D94-917E-BB0F6BFA1257}.Compile metadata|x86.ActiveCfg = Debug|Any CPU
		{725897E7-4A20-4D94-917E-BB0F6BFA1257}.Compile metadata|x86.Build.0 = Debug|Any CPU
		{725897E7-4A20-4D94-917E-BB0F6BFA1257}.Compile mscorlib|Any CPU.ActiveCfg = Debug|Any CPU
		{725897E7-4A20-4D94-917E-BB0F6BFA1257}.Compile mscorlib|Any CPU.Build.0 = Debug|Any CPU
		{725897E7-4A20-4D94-917E-BB0F6BFA1257}.Compile mscorlib|x86.ActiveCfg = Debug|Any CPU
		{725897E7-4A20-4D94-917E-BB0F6BFA1257}.Compile mscorlib|x86.Build.0 = Debug|Any CPU
		{725897E7-4A20-4D94-917E-BB0F6BFA1257}.Compile TestProcess|Any CPU.ActiveCfg = Debug|Any CPU
		{725897E7-4A20-4D94-917E-BB0F6BFA1257}.Compile TestProcess|Any CPU.Build.0 = Debug|Any CPU
		{725897E7-4A20-4D94-917E-BB0F6BFA1257}.Compile TestProcess|x86.ActiveCfg = Debug|Any CPU
		{725897E7-4A20-4D94-917E-BB0F6BFA1257}.Compile TestProcess|x86.Build.0 = Debug|Any CPU
		{725897E7-4A20-4D94-917E-BB0F6BFA1257}.Debug|Any CPU.ActiveCfg = Debug|Any CPU
		{725897E7-4A20-4D94-917E-BB0F6BFA1257}.Debug|Any CPU.Build.0 = Debug|Any CPU
		{725897E7-4A20-4D94-917E-BB0F6BFA1257}.Debug|x86.ActiveCfg = Debug|Any CPU
		{725897E7-4A20-4D94-917E-BB0F6BFA1257}.Debug|x86.Build.0 = Debug|Any CPU
		{725897E7-4A20-4D94-917E-BB0F6BFA1257}.libsupcs-arm|Any CPU.ActiveCfg = Debug|Any CPU
		{725897E7-4A20-4D94-917E-BB0F6BFA1257}.libsupcs-arm|Any CPU.Build.0 = Debug|Any CPU
		{725897E7-4A20-4D94-917E-BB0F6BFA1257}.libsupcs-arm|x86.ActiveCfg = Debug|Any CPU
		{725897E7-4A20-4D94-917E-BB0F6BFA1257}.libsupcs-arm|x86.Build.0 = Debug|Any CPU
		{725897E7-4A20-4D94-917E-BB0F6BFA1257}.Release|Any CPU.ActiveCfg = Release|Any CPU
		{725897E7-4A20-4D94-917E-BB0F6BFA1257}.Release|Any CPU.Build.0 = Release|Any CPU
		{725897E7-4A20-4D94-917E-BB0F6BFA1257}.Release|x86.ActiveCfg = Release|Any CPU
		{725897E7-4A20-4D94-917E-BB0F6BFA1257}.Release|x86.Build.0 = Release|Any CPU
	EndGlobalSection
	GlobalSection(SolutionProperties) = preSolution
		HideSolutionNode = FALSE
	EndGlobalSection
	GlobalSection(ExtensibilityGlobals) = postSolution
		SolutionGuid = {739FCB81-46C7-4354-8325-D48CA2E40414}
	EndGlobalSection
EndGlobal
