
Microsoft Visual Studio Solution File, Format Version 12.00
# Visual Studio 15
VisualStudioVersion = 15.0.27703.2018
MinimumVisualStudioVersion = 10.0.40219.1
Project("{FAE04EC0-301F-11D3-BF4B-00C04F79EFBC}") = "binary_library", "binary_library\binary_library.csproj", "{7D57589D-4C6C-4C24-945E-5A9CF736227E}"
EndProject
Project("{FAE04EC0-301F-11D3-BF4B-00C04F79EFBC}") = "libsupcs", "libsupcs\libsupcs.csproj", "{566AA7AB-C8B8-417C-B16E-08C7D359CBB1}"
EndProject
Project("{FAE04EC0-301F-11D3-BF4B-00C04F79EFBC}") = "libtysila5", "libtysila5\libtysila5.csproj", "{82697295-1AFF-4174-97BC-6562732305F3}"
EndProject
Project("{FAE04EC0-301F-11D3-BF4B-00C04F79EFBC}") = "tysila4", "tysila4\tysila4.csproj", "{62D134E0-864F-4100-BBA0-44A78948647A}"
EndProject
Project("{FAE04EC0-301F-11D3-BF4B-00C04F79EFBC}") = "TableMap", "TableMap\TableMap.csproj", "{BD29BC10-A529-466B-9372-0F6AAC6FB183}"
EndProject
Project("{FAE04EC0-301F-11D3-BF4B-00C04F79EFBC}") = "metadata", "metadata\metadata.csproj", "{577C93B9-ACD1-4EC2-83F5-C0FF3246FEBA}"
EndProject
Project("{FAE04EC0-301F-11D3-BF4B-00C04F79EFBC}") = "readline", "tysila4\readline\readline.csproj", "{725897E7-4A20-4D94-917E-BB0F6BFA1257}"
EndProject
Project("{FAE04EC0-301F-11D3-BF4B-00C04F79EFBC}") = "typeforwards", "typeforwards\typeforwards.csproj", "{64B876B2-65A6-4D61-9F28-75580A91156F}"
EndProject
Project("{FAE04EC0-301F-11D3-BF4B-00C04F79EFBC}") = "tl", "binary_library\tl\tl\tl.csproj", "{0B85407B-B286-4F7E-A6F7-264181EFDA67}"
EndProject
Global
	GlobalSection(SolutionConfigurationPlatforms) = preSolution
		CHeader|Any CPU = CHeader|Any CPU
		CHeader|x86 = CHeader|x86
		Compile BareBones|Any CPU = Compile BareBones|Any CPU
		Compile BareBones|x86 = Compile BareBones|x86
		Compile libstdcs|Any CPU = Compile libstdcs|Any CPU
		Compile libstdcs|x86 = Compile libstdcs|x86
		Compile libsupcs|Any CPU = Compile libsupcs|Any CPU
		Compile libsupcs|x86 = Compile libsupcs|x86
		Compile libtysila|Any CPU = Compile libtysila|Any CPU
		Compile libtysila|x86 = Compile libtysila|x86
		Compile metadata|Any CPU = Compile metadata|Any CPU
		Compile metadata|x86 = Compile metadata|x86
		Compile mscorlib|Any CPU = Compile mscorlib|Any CPU
		Compile mscorlib|x86 = Compile mscorlib|x86
		Compile TestProcess|Any CPU = Compile TestProcess|Any CPU
		Compile TestProcess|x86 = Compile TestProcess|x86
		Debug|Any CPU = Debug|Any CPU
		Debug|x86 = Debug|x86
		Release|Any CPU = Release|Any CPU
		Release|x86 = Release|x86
	EndGlobalSection
	GlobalSection(ProjectConfigurationPlatforms) = postSolution
		{7D57589D-4C6C-4C24-945E-5A9CF736227E}.CHeader|Any CPU.ActiveCfg = Compile BareBones|Any CPU
		{7D57589D-4C6C-4C24-945E-5A9CF736227E}.CHeader|Any CPU.Build.0 = Compile BareBones|Any CPU
		{7D57589D-4C6C-4C24-945E-5A9CF736227E}.CHeader|x86.ActiveCfg = Compile BareBones|Any CPU
		{7D57589D-4C6C-4C24-945E-5A9CF736227E}.CHeader|x86.Build.0 = Compile BareBones|Any CPU
		{7D57589D-4C6C-4C24-945E-5A9CF736227E}.Compile BareBones|Any CPU.ActiveCfg = Compile BareBones|Any CPU
		{7D57589D-4C6C-4C24-945E-5A9CF736227E}.Compile BareBones|Any CPU.Build.0 = Compile BareBones|Any CPU
		{7D57589D-4C6C-4C24-945E-5A9CF736227E}.Compile BareBones|x86.ActiveCfg = Compile BareBones|Any CPU
		{7D57589D-4C6C-4C24-945E-5A9CF736227E}.Compile BareBones|x86.Build.0 = Compile BareBones|Any CPU
		{7D57589D-4C6C-4C24-945E-5A9CF736227E}.Compile libstdcs|Any CPU.ActiveCfg = Compile BareBones|Any CPU
		{7D57589D-4C6C-4C24-945E-5A9CF736227E}.Compile libstdcs|Any CPU.Build.0 = Compile BareBones|Any CPU
		{7D57589D-4C6C-4C24-945E-5A9CF736227E}.Compile libstdcs|x86.ActiveCfg = Compile BareBones|Any CPU
		{7D57589D-4C6C-4C24-945E-5A9CF736227E}.Compile libstdcs|x86.Build.0 = Compile BareBones|Any CPU
		{7D57589D-4C6C-4C24-945E-5A9CF736227E}.Compile libsupcs|Any CPU.ActiveCfg = Compile BareBones|Any CPU
		{7D57589D-4C6C-4C24-945E-5A9CF736227E}.Compile libsupcs|Any CPU.Build.0 = Compile BareBones|Any CPU
		{7D57589D-4C6C-4C24-945E-5A9CF736227E}.Compile libsupcs|x86.ActiveCfg = Compile BareBones|Any CPU
		{7D57589D-4C6C-4C24-945E-5A9CF736227E}.Compile libsupcs|x86.Build.0 = Compile BareBones|Any CPU
		{7D57589D-4C6C-4C24-945E-5A9CF736227E}.Compile libtysila|Any CPU.ActiveCfg = Compile BareBones|Any CPU
		{7D57589D-4C6C-4C24-945E-5A9CF736227E}.Compile libtysila|Any CPU.Build.0 = Compile BareBones|Any CPU
		{7D57589D-4C6C-4C24-945E-5A9CF736227E}.Compile libtysila|x86.ActiveCfg = Compile BareBones|Any CPU
		{7D57589D-4C6C-4C24-945E-5A9CF736227E}.Compile libtysila|x86.Build.0 = Compile BareBones|Any CPU
		{7D57589D-4C6C-4C24-945E-5A9CF736227E}.Compile metadata|Any CPU.ActiveCfg = Compile BareBones|Any CPU
		{7D57589D-4C6C-4C24-945E-5A9CF736227E}.Compile metadata|Any CPU.Build.0 = Compile BareBones|Any CPU
		{7D57589D-4C6C-4C24-945E-5A9CF736227E}.Compile metadata|x86.ActiveCfg = Compile BareBones|Any CPU
		{7D57589D-4C6C-4C24-945E-5A9CF736227E}.Compile metadata|x86.Build.0 = Compile BareBones|Any CPU
		{7D57589D-4C6C-4C24-945E-5A9CF736227E}.Compile mscorlib|Any CPU.ActiveCfg = Compile BareBones|Any CPU
		{7D57589D-4C6C-4C24-945E-5A9CF736227E}.Compile mscorlib|Any CPU.Build.0 = Compile BareBones|Any CPU
		{7D57589D-4C6C-4C24-945E-5A9CF736227E}.Compile mscorlib|x86.ActiveCfg = Compile BareBones|Any CPU
		{7D57589D-4C6C-4C24-945E-5A9CF736227E}.Compile mscorlib|x86.Build.0 = Compile BareBones|Any CPU
		{7D57589D-4C6C-4C24-945E-5A9CF736227E}.Compile TestProcess|Any CPU.ActiveCfg = Compile BareBones|Any CPU
		{7D57589D-4C6C-4C24-945E-5A9CF736227E}.Compile TestProcess|Any CPU.Build.0 = Compile BareBones|Any CPU
		{7D57589D-4C6C-4C24-945E-5A9CF736227E}.Compile TestProcess|x86.ActiveCfg = Compile BareBones|Any CPU
		{7D57589D-4C6C-4C24-945E-5A9CF736227E}.Compile TestProcess|x86.Build.0 = Compile BareBones|Any CPU
		{7D57589D-4C6C-4C24-945E-5A9CF736227E}.Debug|Any CPU.ActiveCfg = Debug|Any CPU
		{7D57589D-4C6C-4C24-945E-5A9CF736227E}.Debug|Any CPU.Build.0 = Debug|Any CPU
		{7D57589D-4C6C-4C24-945E-5A9CF736227E}.Debug|x86.ActiveCfg = Debug|Any CPU
		{7D57589D-4C6C-4C24-945E-5A9CF736227E}.Debug|x86.Build.0 = Debug|Any CPU
		{7D57589D-4C6C-4C24-945E-5A9CF736227E}.Release|Any CPU.ActiveCfg = Release|Any CPU
		{7D57589D-4C6C-4C24-945E-5A9CF736227E}.Release|Any CPU.Build.0 = Release|Any CPU
		{7D57589D-4C6C-4C24-945E-5A9CF736227E}.Release|x86.ActiveCfg = Release|Any CPU
		{7D57589D-4C6C-4C24-945E-5A9CF736227E}.Release|x86.Build.0 = Release|Any CPU
		{566AA7AB-C8B8-417C-B16E-08C7D359CBB1}.CHeader|Any CPU.ActiveCfg = Compile libsupcs|Any CPU
		{566AA7AB-C8B8-417C-B16E-08C7D359CBB1}.CHeader|Any CPU.Build.0 = Compile libsupcs|Any CPU
		{566AA7AB-C8B8-417C-B16E-08C7D359CBB1}.CHeader|x86.ActiveCfg = Compile BareBones|Any CPU
		{566AA7AB-C8B8-417C-B16E-08C7D359CBB1}.CHeader|x86.Build.0 = Compile BareBones|Any CPU
		{566AA7AB-C8B8-417C-B16E-08C7D359CBB1}.Compile BareBones|Any CPU.ActiveCfg = Compile BareBones|Any CPU
		{566AA7AB-C8B8-417C-B16E-08C7D359CBB1}.Compile BareBones|Any CPU.Build.0 = Compile BareBones|Any CPU
		{566AA7AB-C8B8-417C-B16E-08C7D359CBB1}.Compile BareBones|x86.ActiveCfg = Compile BareBones|Any CPU
		{566AA7AB-C8B8-417C-B16E-08C7D359CBB1}.Compile BareBones|x86.Build.0 = Compile BareBones|Any CPU
		{566AA7AB-C8B8-417C-B16E-08C7D359CBB1}.Compile libstdcs|Any CPU.ActiveCfg = Compile libsupcs|Any CPU
		{566AA7AB-C8B8-417C-B16E-08C7D359CBB1}.Compile libstdcs|Any CPU.Build.0 = Compile libsupcs|Any CPU
		{566AA7AB-C8B8-417C-B16E-08C7D359CBB1}.Compile libstdcs|x86.ActiveCfg = Compile libsupcs|Any CPU
		{566AA7AB-C8B8-417C-B16E-08C7D359CBB1}.Compile libstdcs|x86.Build.0 = Compile libsupcs|Any CPU
		{566AA7AB-C8B8-417C-B16E-08C7D359CBB1}.Compile libsupcs|Any CPU.ActiveCfg = Compile libsupcs|Any CPU
		{566AA7AB-C8B8-417C-B16E-08C7D359CBB1}.Compile libsupcs|Any CPU.Build.0 = Compile libsupcs|Any CPU
		{566AA7AB-C8B8-417C-B16E-08C7D359CBB1}.Compile libsupcs|x86.ActiveCfg = Compile libsupcs|Any CPU
		{566AA7AB-C8B8-417C-B16E-08C7D359CBB1}.Compile libsupcs|x86.Build.0 = Compile libsupcs|Any CPU
		{566AA7AB-C8B8-417C-B16E-08C7D359CBB1}.Compile libtysila|Any CPU.ActiveCfg = Compile libsupcs|Any CPU
		{566AA7AB-C8B8-417C-B16E-08C7D359CBB1}.Compile libtysila|Any CPU.Build.0 = Compile libsupcs|Any CPU
		{566AA7AB-C8B8-417C-B16E-08C7D359CBB1}.Compile libtysila|x86.ActiveCfg = Compile libsupcs|Any CPU
		{566AA7AB-C8B8-417C-B16E-08C7D359CBB1}.Compile libtysila|x86.Build.0 = Compile libsupcs|Any CPU
		{566AA7AB-C8B8-417C-B16E-08C7D359CBB1}.Compile metadata|Any CPU.ActiveCfg = Compile libsupcs|Any CPU
		{566AA7AB-C8B8-417C-B16E-08C7D359CBB1}.Compile metadata|Any CPU.Build.0 = Compile libsupcs|Any CPU
		{566AA7AB-C8B8-417C-B16E-08C7D359CBB1}.Compile metadata|x86.ActiveCfg = Compile BareBones|Any CPU
		{566AA7AB-C8B8-417C-B16E-08C7D359CBB1}.Compile metadata|x86.Build.0 = Compile BareBones|Any CPU
		{566AA7AB-C8B8-417C-B16E-08C7D359CBB1}.Compile mscorlib|Any CPU.ActiveCfg = Compile libsupcs|Any CPU
		{566AA7AB-C8B8-417C-B16E-08C7D359CBB1}.Compile mscorlib|Any CPU.Build.0 = Compile libsupcs|Any CPU
		{566AA7AB-C8B8-417C-B16E-08C7D359CBB1}.Compile mscorlib|x86.ActiveCfg = Compile BareBones|Any CPU
		{566AA7AB-C8B8-417C-B16E-08C7D359CBB1}.Compile mscorlib|x86.Build.0 = Compile BareBones|Any CPU
		{566AA7AB-C8B8-417C-B16E-08C7D359CBB1}.Compile TestProcess|Any CPU.ActiveCfg = Compile libsupcs|Any CPU
		{566AA7AB-C8B8-417C-B16E-08C7D359CBB1}.Compile TestProcess|Any CPU.Build.0 = Compile libsupcs|Any CPU
		{566AA7AB-C8B8-417C-B16E-08C7D359CBB1}.Compile TestProcess|x86.ActiveCfg = Compile BareBones|Any CPU
		{566AA7AB-C8B8-417C-B16E-08C7D359CBB1}.Compile TestProcess|x86.Build.0 = Compile BareBones|Any CPU
		{566AA7AB-C8B8-417C-B16E-08C7D359CBB1}.Debug|Any CPU.ActiveCfg = Debug|Any CPU
		{566AA7AB-C8B8-417C-B16E-08C7D359CBB1}.Debug|Any CPU.Build.0 = Debug|Any CPU
		{566AA7AB-C8B8-417C-B16E-08C7D359CBB1}.Debug|x86.ActiveCfg = Debug|Any CPU
		{566AA7AB-C8B8-417C-B16E-08C7D359CBB1}.Debug|x86.Build.0 = Debug|Any CPU
		{566AA7AB-C8B8-417C-B16E-08C7D359CBB1}.Release|Any CPU.ActiveCfg = Release|Any CPU
		{566AA7AB-C8B8-417C-B16E-08C7D359CBB1}.Release|Any CPU.Build.0 = Release|Any CPU
		{566AA7AB-C8B8-417C-B16E-08C7D359CBB1}.Release|x86.ActiveCfg = Release|Any CPU
		{566AA7AB-C8B8-417C-B16E-08C7D359CBB1}.Release|x86.Build.0 = Release|Any CPU
		{82697295-1AFF-4174-97BC-6562732305F3}.CHeader|Any CPU.ActiveCfg = Debug|Any CPU
		{82697295-1AFF-4174-97BC-6562732305F3}.CHeader|Any CPU.Build.0 = Debug|Any CPU
		{82697295-1AFF-4174-97BC-6562732305F3}.CHeader|x86.ActiveCfg = Release|Any CPU
		{82697295-1AFF-4174-97BC-6562732305F3}.CHeader|x86.Build.0 = Release|Any CPU
		{82697295-1AFF-4174-97BC-6562732305F3}.Compile BareBones|Any CPU.ActiveCfg = Release|Any CPU
		{82697295-1AFF-4174-97BC-6562732305F3}.Compile BareBones|Any CPU.Build.0 = Release|Any CPU
		{82697295-1AFF-4174-97BC-6562732305F3}.Compile BareBones|x86.ActiveCfg = Release|Any CPU
		{82697295-1AFF-4174-97BC-6562732305F3}.Compile BareBones|x86.Build.0 = Release|Any CPU
		{82697295-1AFF-4174-97BC-6562732305F3}.Compile libstdcs|Any CPU.ActiveCfg = Debug|Any CPU
		{82697295-1AFF-4174-97BC-6562732305F3}.Compile libstdcs|Any CPU.Build.0 = Debug|Any CPU
		{82697295-1AFF-4174-97BC-6562732305F3}.Compile libstdcs|x86.ActiveCfg = Release|Any CPU
		{82697295-1AFF-4174-97BC-6562732305F3}.Compile libstdcs|x86.Build.0 = Release|Any CPU
		{82697295-1AFF-4174-97BC-6562732305F3}.Compile libsupcs|Any CPU.ActiveCfg = Release|Any CPU
		{82697295-1AFF-4174-97BC-6562732305F3}.Compile libsupcs|Any CPU.Build.0 = Release|Any CPU
		{82697295-1AFF-4174-97BC-6562732305F3}.Compile libsupcs|x86.ActiveCfg = Release|Any CPU
		{82697295-1AFF-4174-97BC-6562732305F3}.Compile libsupcs|x86.Build.0 = Release|Any CPU
		{82697295-1AFF-4174-97BC-6562732305F3}.Compile libtysila|Any CPU.ActiveCfg = Debug|Any CPU
		{82697295-1AFF-4174-97BC-6562732305F3}.Compile libtysila|Any CPU.Build.0 = Debug|Any CPU
		{82697295-1AFF-4174-97BC-6562732305F3}.Compile libtysila|x86.ActiveCfg = Release|Any CPU
		{82697295-1AFF-4174-97BC-6562732305F3}.Compile libtysila|x86.Build.0 = Release|Any CPU
		{82697295-1AFF-4174-97BC-6562732305F3}.Compile metadata|Any CPU.ActiveCfg = Debug|Any CPU
		{82697295-1AFF-4174-97BC-6562732305F3}.Compile metadata|Any CPU.Build.0 = Debug|Any CPU
		{82697295-1AFF-4174-97BC-6562732305F3}.Compile metadata|x86.ActiveCfg = Release|Any CPU
		{82697295-1AFF-4174-97BC-6562732305F3}.Compile metadata|x86.Build.0 = Release|Any CPU
		{82697295-1AFF-4174-97BC-6562732305F3}.Compile mscorlib|Any CPU.ActiveCfg = Debug|Any CPU
		{82697295-1AFF-4174-97BC-6562732305F3}.Compile mscorlib|Any CPU.Build.0 = Debug|Any CPU
		{82697295-1AFF-4174-97BC-6562732305F3}.Compile mscorlib|x86.ActiveCfg = Release|Any CPU
		{82697295-1AFF-4174-97BC-6562732305F3}.Compile mscorlib|x86.Build.0 = Release|Any CPU
		{82697295-1AFF-4174-97BC-6562732305F3}.Compile TestProcess|Any CPU.ActiveCfg = Debug|Any CPU
		{82697295-1AFF-4174-97BC-6562732305F3}.Compile TestProcess|Any CPU.Build.0 = Debug|Any CPU
		{82697295-1AFF-4174-97BC-6562732305F3}.Compile TestProcess|x86.ActiveCfg = Release|Any CPU
		{82697295-1AFF-4174-97BC-6562732305F3}.Compile TestProcess|x86.Build.0 = Release|Any CPU
		{82697295-1AFF-4174-97BC-6562732305F3}.Debug|Any CPU.ActiveCfg = Debug|Any CPU
		{82697295-1AFF-4174-97BC-6562732305F3}.Debug|Any CPU.Build.0 = Debug|Any CPU
		{82697295-1AFF-4174-97BC-6562732305F3}.Debug|x86.ActiveCfg = Debug|Any CPU
		{82697295-1AFF-4174-97BC-6562732305F3}.Debug|x86.Build.0 = Debug|Any CPU
		{82697295-1AFF-4174-97BC-6562732305F3}.Release|Any CPU.ActiveCfg = Release|Any CPU
		{82697295-1AFF-4174-97BC-6562732305F3}.Release|Any CPU.Build.0 = Release|Any CPU
		{82697295-1AFF-4174-97BC-6562732305F3}.Release|x86.ActiveCfg = Release|Any CPU
		{82697295-1AFF-4174-97BC-6562732305F3}.Release|x86.Build.0 = Release|Any CPU
		{62D134E0-864F-4100-BBA0-44A78948647A}.CHeader|Any CPU.ActiveCfg = CHeader|Any CPU
		{62D134E0-864F-4100-BBA0-44A78948647A}.CHeader|Any CPU.Build.0 = CHeader|Any CPU
		{62D134E0-864F-4100-BBA0-44A78948647A}.CHeader|x86.ActiveCfg = CHeader|Any CPU
		{62D134E0-864F-4100-BBA0-44A78948647A}.CHeader|x86.Build.0 = CHeader|Any CPU
		{62D134E0-864F-4100-BBA0-44A78948647A}.Compile BareBones|Any CPU.ActiveCfg = Compile Barebones|Any CPU
		{62D134E0-864F-4100-BBA0-44A78948647A}.Compile BareBones|Any CPU.Build.0 = Compile Barebones|Any CPU
		{62D134E0-864F-4100-BBA0-44A78948647A}.Compile BareBones|x86.ActiveCfg = Compile Barebones|Any CPU
		{62D134E0-864F-4100-BBA0-44A78948647A}.Compile BareBones|x86.Build.0 = Compile Barebones|Any CPU
		{62D134E0-864F-4100-BBA0-44A78948647A}.Compile libstdcs|Any CPU.ActiveCfg = Compile libstdcs|Any CPU
		{62D134E0-864F-4100-BBA0-44A78948647A}.Compile libstdcs|Any CPU.Build.0 = Compile libstdcs|Any CPU
		{62D134E0-864F-4100-BBA0-44A78948647A}.Compile libstdcs|x86.ActiveCfg = Compile libstdcs|Any CPU
		{62D134E0-864F-4100-BBA0-44A78948647A}.Compile libstdcs|x86.Build.0 = Compile libstdcs|Any CPU
		{62D134E0-864F-4100-BBA0-44A78948647A}.Compile libsupcs|Any CPU.ActiveCfg = Compile libsupcs|Any CPU
		{62D134E0-864F-4100-BBA0-44A78948647A}.Compile libsupcs|Any CPU.Build.0 = Compile libsupcs|Any CPU
		{62D134E0-864F-4100-BBA0-44A78948647A}.Compile libsupcs|x86.ActiveCfg = Compile libsupcs|Any CPU
		{62D134E0-864F-4100-BBA0-44A78948647A}.Compile libsupcs|x86.Build.0 = Compile libsupcs|Any CPU
		{62D134E0-864F-4100-BBA0-44A78948647A}.Compile libtysila|Any CPU.ActiveCfg = Compile libtysila|Any CPU
		{62D134E0-864F-4100-BBA0-44A78948647A}.Compile libtysila|Any CPU.Build.0 = Compile libtysila|Any CPU
		{62D134E0-864F-4100-BBA0-44A78948647A}.Compile libtysila|x86.ActiveCfg = Compile libtysila|Any CPU
		{62D134E0-864F-4100-BBA0-44A78948647A}.Compile libtysila|x86.Build.0 = Compile libtysila|Any CPU
		{62D134E0-864F-4100-BBA0-44A78948647A}.Compile metadata|Any CPU.ActiveCfg = Compile metadata|Any CPU
		{62D134E0-864F-4100-BBA0-44A78948647A}.Compile metadata|Any CPU.Build.0 = Compile metadata|Any CPU
		{62D134E0-864F-4100-BBA0-44A78948647A}.Compile metadata|x86.ActiveCfg = Compile metadata|Any CPU
		{62D134E0-864F-4100-BBA0-44A78948647A}.Compile metadata|x86.Build.0 = Compile metadata|Any CPU
		{62D134E0-864F-4100-BBA0-44A78948647A}.Compile mscorlib|Any CPU.ActiveCfg = Compile mscorlib|Any CPU
		{62D134E0-864F-4100-BBA0-44A78948647A}.Compile mscorlib|Any CPU.Build.0 = Compile mscorlib|Any CPU
		{62D134E0-864F-4100-BBA0-44A78948647A}.Compile mscorlib|x86.ActiveCfg = Compile mscorlib|Any CPU
		{62D134E0-864F-4100-BBA0-44A78948647A}.Compile mscorlib|x86.Build.0 = Compile mscorlib|Any CPU
		{62D134E0-864F-4100-BBA0-44A78948647A}.Compile TestProcess|Any CPU.ActiveCfg = Compile TestProcess|Any CPU
		{62D134E0-864F-4100-BBA0-44A78948647A}.Compile TestProcess|Any CPU.Build.0 = Compile TestProcess|Any CPU
		{62D134E0-864F-4100-BBA0-44A78948647A}.Compile TestProcess|x86.ActiveCfg = Compile TestProcess|Any CPU
		{62D134E0-864F-4100-BBA0-44A78948647A}.Compile TestProcess|x86.Build.0 = Compile TestProcess|Any CPU
		{62D134E0-864F-4100-BBA0-44A78948647A}.Debug|Any CPU.ActiveCfg = Debug|Any CPU
		{62D134E0-864F-4100-BBA0-44A78948647A}.Debug|Any CPU.Build.0 = Debug|Any CPU
		{62D134E0-864F-4100-BBA0-44A78948647A}.Debug|x86.ActiveCfg = Debug|Any CPU
		{62D134E0-864F-4100-BBA0-44A78948647A}.Debug|x86.Build.0 = Debug|Any CPU
		{62D134E0-864F-4100-BBA0-44A78948647A}.Release|Any CPU.ActiveCfg = Release|Any CPU
		{62D134E0-864F-4100-BBA0-44A78948647A}.Release|Any CPU.Build.0 = Release|Any CPU
		{62D134E0-864F-4100-BBA0-44A78948647A}.Release|x86.ActiveCfg = Release|Any CPU
		{62D134E0-864F-4100-BBA0-44A78948647A}.Release|x86.Build.0 = Release|Any CPU
		{BD29BC10-A529-466B-9372-0F6AAC6FB183}.CHeader|Any CPU.ActiveCfg = Release|Any CPU
		{BD29BC10-A529-466B-9372-0F6AAC6FB183}.CHeader|Any CPU.Build.0 = Release|Any CPU
		{BD29BC10-A529-466B-9372-0F6AAC6FB183}.CHeader|x86.ActiveCfg = Debug|Any CPU
		{BD29BC10-A529-466B-9372-0F6AAC6FB183}.CHeader|x86.Build.0 = Debug|Any CPU
		{BD29BC10-A529-466B-9372-0F6AAC6FB183}.Compile BareBones|Any CPU.ActiveCfg = Release|Any CPU
		{BD29BC10-A529-466B-9372-0F6AAC6FB183}.Compile BareBones|Any CPU.Build.0 = Release|Any CPU
		{BD29BC10-A529-466B-9372-0F6AAC6FB183}.Compile BareBones|x86.ActiveCfg = Debug|Any CPU
		{BD29BC10-A529-466B-9372-0F6AAC6FB183}.Compile BareBones|x86.Build.0 = Debug|Any CPU
		{BD29BC10-A529-466B-9372-0F6AAC6FB183}.Compile libstdcs|Any CPU.ActiveCfg = Release|Any CPU
		{BD29BC10-A529-466B-9372-0F6AAC6FB183}.Compile libstdcs|Any CPU.Build.0 = Release|Any CPU
		{BD29BC10-A529-466B-9372-0F6AAC6FB183}.Compile libstdcs|x86.ActiveCfg = Debug|Any CPU
		{BD29BC10-A529-466B-9372-0F6AAC6FB183}.Compile libstdcs|x86.Build.0 = Debug|Any CPU
		{BD29BC10-A529-466B-9372-0F6AAC6FB183}.Compile libsupcs|Any CPU.ActiveCfg = Release|Any CPU
		{BD29BC10-A529-466B-9372-0F6AAC6FB183}.Compile libsupcs|Any CPU.Build.0 = Release|Any CPU
		{BD29BC10-A529-466B-9372-0F6AAC6FB183}.Compile libsupcs|x86.ActiveCfg = Debug|Any CPU
		{BD29BC10-A529-466B-9372-0F6AAC6FB183}.Compile libsupcs|x86.Build.0 = Debug|Any CPU
		{BD29BC10-A529-466B-9372-0F6AAC6FB183}.Compile libtysila|Any CPU.ActiveCfg = Release|Any CPU
		{BD29BC10-A529-466B-9372-0F6AAC6FB183}.Compile libtysila|Any CPU.Build.0 = Release|Any CPU
		{BD29BC10-A529-466B-9372-0F6AAC6FB183}.Compile libtysila|x86.ActiveCfg = Debug|Any CPU
		{BD29BC10-A529-466B-9372-0F6AAC6FB183}.Compile libtysila|x86.Build.0 = Debug|Any CPU
		{BD29BC10-A529-466B-9372-0F6AAC6FB183}.Compile metadata|Any CPU.ActiveCfg = Release|Any CPU
		{BD29BC10-A529-466B-9372-0F6AAC6FB183}.Compile metadata|Any CPU.Build.0 = Release|Any CPU
		{BD29BC10-A529-466B-9372-0F6AAC6FB183}.Compile metadata|x86.ActiveCfg = Debug|Any CPU
		{BD29BC10-A529-466B-9372-0F6AAC6FB183}.Compile metadata|x86.Build.0 = Debug|Any CPU
		{BD29BC10-A529-466B-9372-0F6AAC6FB183}.Compile mscorlib|Any CPU.ActiveCfg = Release|Any CPU
		{BD29BC10-A529-466B-9372-0F6AAC6FB183}.Compile mscorlib|Any CPU.Build.0 = Release|Any CPU
		{BD29BC10-A529-466B-9372-0F6AAC6FB183}.Compile mscorlib|x86.ActiveCfg = Debug|Any CPU
		{BD29BC10-A529-466B-9372-0F6AAC6FB183}.Compile mscorlib|x86.Build.0 = Debug|Any CPU
		{BD29BC10-A529-466B-9372-0F6AAC6FB183}.Compile TestProcess|Any CPU.ActiveCfg = Release|Any CPU
		{BD29BC10-A529-466B-9372-0F6AAC6FB183}.Compile TestProcess|Any CPU.Build.0 = Release|Any CPU
		{BD29BC10-A529-466B-9372-0F6AAC6FB183}.Compile TestProcess|x86.ActiveCfg = Debug|Any CPU
		{BD29BC10-A529-466B-9372-0F6AAC6FB183}.Compile TestProcess|x86.Build.0 = Debug|Any CPU
		{BD29BC10-A529-466B-9372-0F6AAC6FB183}.Debug|Any CPU.ActiveCfg = Debug|Any CPU
		{BD29BC10-A529-466B-9372-0F6AAC6FB183}.Debug|Any CPU.Build.0 = Debug|Any CPU
		{BD29BC10-A529-466B-9372-0F6AAC6FB183}.Debug|x86.ActiveCfg = Debug|Any CPU
		{BD29BC10-A529-466B-9372-0F6AAC6FB183}.Debug|x86.Build.0 = Debug|Any CPU
		{BD29BC10-A529-466B-9372-0F6AAC6FB183}.Release|Any CPU.ActiveCfg = Release|Any CPU
		{BD29BC10-A529-466B-9372-0F6AAC6FB183}.Release|Any CPU.Build.0 = Release|Any CPU
		{BD29BC10-A529-466B-9372-0F6AAC6FB183}.Release|x86.ActiveCfg = Release|Any CPU
		{BD29BC10-A529-466B-9372-0F6AAC6FB183}.Release|x86.Build.0 = Release|Any CPU
		{577C93B9-ACD1-4EC2-83F5-C0FF3246FEBA}.CHeader|Any CPU.ActiveCfg = Release|Any CPU
		{577C93B9-ACD1-4EC2-83F5-C0FF3246FEBA}.CHeader|Any CPU.Build.0 = Release|Any CPU
		{577C93B9-ACD1-4EC2-83F5-C0FF3246FEBA}.CHeader|x86.ActiveCfg = Debug|Any CPU
		{577C93B9-ACD1-4EC2-83F5-C0FF3246FEBA}.CHeader|x86.Build.0 = Debug|Any CPU
		{577C93B9-ACD1-4EC2-83F5-C0FF3246FEBA}.Compile BareBones|Any CPU.ActiveCfg = Release|Any CPU
		{577C93B9-ACD1-4EC2-83F5-C0FF3246FEBA}.Compile BareBones|Any CPU.Build.0 = Release|Any CPU
		{577C93B9-ACD1-4EC2-83F5-C0FF3246FEBA}.Compile BareBones|x86.ActiveCfg = Debug|Any CPU
		{577C93B9-ACD1-4EC2-83F5-C0FF3246FEBA}.Compile BareBones|x86.Build.0 = Debug|Any CPU
		{577C93B9-ACD1-4EC2-83F5-C0FF3246FEBA}.Compile libstdcs|Any CPU.ActiveCfg = Release|Any CPU
		{577C93B9-ACD1-4EC2-83F5-C0FF3246FEBA}.Compile libstdcs|Any CPU.Build.0 = Release|Any CPU
		{577C93B9-ACD1-4EC2-83F5-C0FF3246FEBA}.Compile libstdcs|x86.ActiveCfg = Debug|Any CPU
		{577C93B9-ACD1-4EC2-83F5-C0FF3246FEBA}.Compile libstdcs|x86.Build.0 = Debug|Any CPU
		{577C93B9-ACD1-4EC2-83F5-C0FF3246FEBA}.Compile libsupcs|Any CPU.ActiveCfg = Release|Any CPU
		{577C93B9-ACD1-4EC2-83F5-C0FF3246FEBA}.Compile libsupcs|Any CPU.Build.0 = Release|Any CPU
		{577C93B9-ACD1-4EC2-83F5-C0FF3246FEBA}.Compile libsupcs|x86.ActiveCfg = Debug|Any CPU
		{577C93B9-ACD1-4EC2-83F5-C0FF3246FEBA}.Compile libsupcs|x86.Build.0 = Debug|Any CPU
		{577C93B9-ACD1-4EC2-83F5-C0FF3246FEBA}.Compile libtysila|Any CPU.ActiveCfg = Release|Any CPU
		{577C93B9-ACD1-4EC2-83F5-C0FF3246FEBA}.Compile libtysila|Any CPU.Build.0 = Release|Any CPU
		{577C93B9-ACD1-4EC2-83F5-C0FF3246FEBA}.Compile libtysila|x86.ActiveCfg = Debug|Any CPU
		{577C93B9-ACD1-4EC2-83F5-C0FF3246FEBA}.Compile libtysila|x86.Build.0 = Debug|Any CPU
		{577C93B9-ACD1-4EC2-83F5-C0FF3246FEBA}.Compile metadata|Any CPU.ActiveCfg = Release|Any CPU
		{577C93B9-ACD1-4EC2-83F5-C0FF3246FEBA}.Compile metadata|Any CPU.Build.0 = Release|Any CPU
		{577C93B9-ACD1-4EC2-83F5-C0FF3246FEBA}.Compile metadata|x86.ActiveCfg = Debug|Any CPU
		{577C93B9-ACD1-4EC2-83F5-C0FF3246FEBA}.Compile metadata|x86.Build.0 = Debug|Any CPU
		{577C93B9-ACD1-4EC2-83F5-C0FF3246FEBA}.Compile mscorlib|Any CPU.ActiveCfg = Release|Any CPU
		{577C93B9-ACD1-4EC2-83F5-C0FF3246FEBA}.Compile mscorlib|Any CPU.Build.0 = Release|Any CPU
		{577C93B9-ACD1-4EC2-83F5-C0FF3246FEBA}.Compile mscorlib|x86.ActiveCfg = Debug|Any CPU
		{577C93B9-ACD1-4EC2-83F5-C0FF3246FEBA}.Compile mscorlib|x86.Build.0 = Debug|Any CPU
		{577C93B9-ACD1-4EC2-83F5-C0FF3246FEBA}.Compile TestProcess|Any CPU.ActiveCfg = Release|Any CPU
		{577C93B9-ACD1-4EC2-83F5-C0FF3246FEBA}.Compile TestProcess|Any CPU.Build.0 = Release|Any CPU
		{577C93B9-ACD1-4EC2-83F5-C0FF3246FEBA}.Compile TestProcess|x86.ActiveCfg = Debug|Any CPU
		{577C93B9-ACD1-4EC2-83F5-C0FF3246FEBA}.Compile TestProcess|x86.Build.0 = Debug|Any CPU
		{577C93B9-ACD1-4EC2-83F5-C0FF3246FEBA}.Debug|Any CPU.ActiveCfg = Debug|Any CPU
		{577C93B9-ACD1-4EC2-83F5-C0FF3246FEBA}.Debug|Any CPU.Build.0 = Debug|Any CPU
		{577C93B9-ACD1-4EC2-83F5-C0FF3246FEBA}.Debug|x86.ActiveCfg = Debug|Any CPU
		{577C93B9-ACD1-4EC2-83F5-C0FF3246FEBA}.Debug|x86.Build.0 = Debug|Any CPU
		{577C93B9-ACD1-4EC2-83F5-C0FF3246FEBA}.Release|Any CPU.ActiveCfg = Release|Any CPU
		{577C93B9-ACD1-4EC2-83F5-C0FF3246FEBA}.Release|Any CPU.Build.0 = Release|Any CPU
		{577C93B9-ACD1-4EC2-83F5-C0FF3246FEBA}.Release|x86.ActiveCfg = Release|Any CPU
		{577C93B9-ACD1-4EC2-83F5-C0FF3246FEBA}.Release|x86.Build.0 = Release|Any CPU
		{725897E7-4A20-4D94-917E-BB0F6BFA1257}.CHeader|Any CPU.ActiveCfg = Release|Any CPU
		{725897E7-4A20-4D94-917E-BB0F6BFA1257}.CHeader|Any CPU.Build.0 = Release|Any CPU
		{725897E7-4A20-4D94-917E-BB0F6BFA1257}.CHeader|x86.ActiveCfg = Debug|Any CPU
		{725897E7-4A20-4D94-917E-BB0F6BFA1257}.CHeader|x86.Build.0 = Debug|Any CPU
		{725897E7-4A20-4D94-917E-BB0F6BFA1257}.Compile BareBones|Any CPU.ActiveCfg = Release|Any CPU
		{725897E7-4A20-4D94-917E-BB0F6BFA1257}.Compile BareBones|Any CPU.Build.0 = Release|Any CPU
		{725897E7-4A20-4D94-917E-BB0F6BFA1257}.Compile BareBones|x86.ActiveCfg = Debug|Any CPU
		{725897E7-4A20-4D94-917E-BB0F6BFA1257}.Compile BareBones|x86.Build.0 = Debug|Any CPU
		{725897E7-4A20-4D94-917E-BB0F6BFA1257}.Compile libstdcs|Any CPU.ActiveCfg = Release|Any CPU
		{725897E7-4A20-4D94-917E-BB0F6BFA1257}.Compile libstdcs|Any CPU.Build.0 = Release|Any CPU
		{725897E7-4A20-4D94-917E-BB0F6BFA1257}.Compile libstdcs|x86.ActiveCfg = Debug|Any CPU
		{725897E7-4A20-4D94-917E-BB0F6BFA1257}.Compile libstdcs|x86.Build.0 = Debug|Any CPU
		{725897E7-4A20-4D94-917E-BB0F6BFA1257}.Compile libsupcs|Any CPU.ActiveCfg = Release|Any CPU
		{725897E7-4A20-4D94-917E-BB0F6BFA1257}.Compile libsupcs|Any CPU.Build.0 = Release|Any CPU
		{725897E7-4A20-4D94-917E-BB0F6BFA1257}.Compile libsupcs|x86.ActiveCfg = Debug|Any CPU
		{725897E7-4A20-4D94-917E-BB0F6BFA1257}.Compile libsupcs|x86.Build.0 = Debug|Any CPU
		{725897E7-4A20-4D94-917E-BB0F6BFA1257}.Compile libtysila|Any CPU.ActiveCfg = Release|Any CPU
		{725897E7-4A20-4D94-917E-BB0F6BFA1257}.Compile libtysila|Any CPU.Build.0 = Release|Any CPU
		{725897E7-4A20-4D94-917E-BB0F6BFA1257}.Compile libtysila|x86.ActiveCfg = Debug|Any CPU
		{725897E7-4A20-4D94-917E-BB0F6BFA1257}.Compile libtysila|x86.Build.0 = Debug|Any CPU
		{725897E7-4A20-4D94-917E-BB0F6BFA1257}.Compile metadata|Any CPU.ActiveCfg = Release|Any CPU
		{725897E7-4A20-4D94-917E-BB0F6BFA1257}.Compile metadata|Any CPU.Build.0 = Release|Any CPU
		{725897E7-4A20-4D94-917E-BB0F6BFA1257}.Compile metadata|x86.ActiveCfg = Debug|Any CPU
		{725897E7-4A20-4D94-917E-BB0F6BFA1257}.Compile metadata|x86.Build.0 = Debug|Any CPU
		{725897E7-4A20-4D94-917E-BB0F6BFA1257}.Compile mscorlib|Any CPU.ActiveCfg = Release|Any CPU
		{725897E7-4A20-4D94-917E-BB0F6BFA1257}.Compile mscorlib|Any CPU.Build.0 = Release|Any CPU
		{725897E7-4A20-4D94-917E-BB0F6BFA1257}.Compile mscorlib|x86.ActiveCfg = Debug|Any CPU
		{725897E7-4A20-4D94-917E-BB0F6BFA1257}.Compile mscorlib|x86.Build.0 = Debug|Any CPU
		{725897E7-4A20-4D94-917E-BB0F6BFA1257}.Compile TestProcess|Any CPU.ActiveCfg = Release|Any CPU
		{725897E7-4A20-4D94-917E-BB0F6BFA1257}.Compile TestProcess|Any CPU.Build.0 = Release|Any CPU
		{725897E7-4A20-4D94-917E-BB0F6BFA1257}.Compile TestProcess|x86.ActiveCfg = Debug|Any CPU
		{725897E7-4A20-4D94-917E-BB0F6BFA1257}.Compile TestProcess|x86.Build.0 = Debug|Any CPU
		{725897E7-4A20-4D94-917E-BB0F6BFA1257}.Debug|Any CPU.ActiveCfg = Debug|Any CPU
		{725897E7-4A20-4D94-917E-BB0F6BFA1257}.Debug|Any CPU.Build.0 = Debug|Any CPU
		{725897E7-4A20-4D94-917E-BB0F6BFA1257}.Debug|x86.ActiveCfg = Debug|Any CPU
		{725897E7-4A20-4D94-917E-BB0F6BFA1257}.Debug|x86.Build.0 = Debug|Any CPU
		{725897E7-4A20-4D94-917E-BB0F6BFA1257}.Release|Any CPU.ActiveCfg = Release|Any CPU
		{725897E7-4A20-4D94-917E-BB0F6BFA1257}.Release|Any CPU.Build.0 = Release|Any CPU
		{725897E7-4A20-4D94-917E-BB0F6BFA1257}.Release|x86.ActiveCfg = Release|Any CPU
		{725897E7-4A20-4D94-917E-BB0F6BFA1257}.Release|x86.Build.0 = Release|Any CPU
		{64B876B2-65A6-4D61-9F28-75580A91156F}.CHeader|Any CPU.ActiveCfg = Release|Any CPU
		{64B876B2-65A6-4D61-9F28-75580A91156F}.CHeader|Any CPU.Build.0 = Release|Any CPU
		{64B876B2-65A6-4D61-9F28-75580A91156F}.CHeader|x86.ActiveCfg = Debug|Any CPU
		{64B876B2-65A6-4D61-9F28-75580A91156F}.CHeader|x86.Build.0 = Debug|Any CPU
		{64B876B2-65A6-4D61-9F28-75580A91156F}.Compile BareBones|Any CPU.ActiveCfg = Release|Any CPU
		{64B876B2-65A6-4D61-9F28-75580A91156F}.Compile BareBones|Any CPU.Build.0 = Release|Any CPU
		{64B876B2-65A6-4D61-9F28-75580A91156F}.Compile BareBones|x86.ActiveCfg = Debug|Any CPU
		{64B876B2-65A6-4D61-9F28-75580A91156F}.Compile BareBones|x86.Build.0 = Debug|Any CPU
		{64B876B2-65A6-4D61-9F28-75580A91156F}.Compile libstdcs|Any CPU.ActiveCfg = Release|Any CPU
		{64B876B2-65A6-4D61-9F28-75580A91156F}.Compile libstdcs|Any CPU.Build.0 = Release|Any CPU
		{64B876B2-65A6-4D61-9F28-75580A91156F}.Compile libstdcs|x86.ActiveCfg = Debug|Any CPU
		{64B876B2-65A6-4D61-9F28-75580A91156F}.Compile libstdcs|x86.Build.0 = Debug|Any CPU
		{64B876B2-65A6-4D61-9F28-75580A91156F}.Compile libsupcs|Any CPU.ActiveCfg = Release|Any CPU
		{64B876B2-65A6-4D61-9F28-75580A91156F}.Compile libsupcs|Any CPU.Build.0 = Release|Any CPU
		{64B876B2-65A6-4D61-9F28-75580A91156F}.Compile libsupcs|x86.ActiveCfg = Debug|Any CPU
		{64B876B2-65A6-4D61-9F28-75580A91156F}.Compile libsupcs|x86.Build.0 = Debug|Any CPU
		{64B876B2-65A6-4D61-9F28-75580A91156F}.Compile libtysila|Any CPU.ActiveCfg = Release|Any CPU
		{64B876B2-65A6-4D61-9F28-75580A91156F}.Compile libtysila|Any CPU.Build.0 = Release|Any CPU
		{64B876B2-65A6-4D61-9F28-75580A91156F}.Compile libtysila|x86.ActiveCfg = Debug|Any CPU
		{64B876B2-65A6-4D61-9F28-75580A91156F}.Compile libtysila|x86.Build.0 = Debug|Any CPU
		{64B876B2-65A6-4D61-9F28-75580A91156F}.Compile metadata|Any CPU.ActiveCfg = Release|Any CPU
		{64B876B2-65A6-4D61-9F28-75580A91156F}.Compile metadata|Any CPU.Build.0 = Release|Any CPU
		{64B876B2-65A6-4D61-9F28-75580A91156F}.Compile metadata|x86.ActiveCfg = Debug|Any CPU
		{64B876B2-65A6-4D61-9F28-75580A91156F}.Compile metadata|x86.Build.0 = Debug|Any CPU
		{64B876B2-65A6-4D61-9F28-75580A91156F}.Compile mscorlib|Any CPU.ActiveCfg = Release|Any CPU
		{64B876B2-65A6-4D61-9F28-75580A91156F}.Compile mscorlib|Any CPU.Build.0 = Release|Any CPU
		{64B876B2-65A6-4D61-9F28-75580A91156F}.Compile mscorlib|x86.ActiveCfg = Debug|Any CPU
		{64B876B2-65A6-4D61-9F28-75580A91156F}.Compile mscorlib|x86.Build.0 = Debug|Any CPU
		{64B876B2-65A6-4D61-9F28-75580A91156F}.Compile TestProcess|Any CPU.ActiveCfg = Release|Any CPU
		{64B876B2-65A6-4D61-9F28-75580A91156F}.Compile TestProcess|Any CPU.Build.0 = Release|Any CPU
		{64B876B2-65A6-4D61-9F28-75580A91156F}.Compile TestProcess|x86.ActiveCfg = Debug|Any CPU
		{64B876B2-65A6-4D61-9F28-75580A91156F}.Compile TestProcess|x86.Build.0 = Debug|Any CPU
		{64B876B2-65A6-4D61-9F28-75580A91156F}.Debug|Any CPU.ActiveCfg = Debug|Any CPU
		{64B876B2-65A6-4D61-9F28-75580A91156F}.Debug|Any CPU.Build.0 = Debug|Any CPU
		{64B876B2-65A6-4D61-9F28-75580A91156F}.Debug|x86.ActiveCfg = Debug|Any CPU
		{64B876B2-65A6-4D61-9F28-75580A91156F}.Debug|x86.Build.0 = Debug|Any CPU
		{64B876B2-65A6-4D61-9F28-75580A91156F}.Release|Any CPU.ActiveCfg = Release|Any CPU
		{64B876B2-65A6-4D61-9F28-75580A91156F}.Release|Any CPU.Build.0 = Release|Any CPU
		{64B876B2-65A6-4D61-9F28-75580A91156F}.Release|x86.ActiveCfg = Release|Any CPU
		{64B876B2-65A6-4D61-9F28-75580A91156F}.Release|x86.Build.0 = Release|Any CPU
		{0B85407B-B286-4F7E-A6F7-264181EFDA67}.CHeader|Any CPU.ActiveCfg = Release|x86
		{0B85407B-B286-4F7E-A6F7-264181EFDA67}.CHeader|Any CPU.Build.0 = Release|x86
		{0B85407B-B286-4F7E-A6F7-264181EFDA67}.CHeader|x86.ActiveCfg = Release|x86
		{0B85407B-B286-4F7E-A6F7-264181EFDA67}.CHeader|x86.Build.0 = Release|x86
		{0B85407B-B286-4F7E-A6F7-264181EFDA67}.Compile BareBones|Any CPU.ActiveCfg = Release|x86
		{0B85407B-B286-4F7E-A6F7-264181EFDA67}.Compile BareBones|Any CPU.Build.0 = Release|x86
		{0B85407B-B286-4F7E-A6F7-264181EFDA67}.Compile BareBones|x86.ActiveCfg = Release|x86
		{0B85407B-B286-4F7E-A6F7-264181EFDA67}.Compile BareBones|x86.Build.0 = Release|x86
		{0B85407B-B286-4F7E-A6F7-264181EFDA67}.Compile libstdcs|Any CPU.ActiveCfg = Release|x86
		{0B85407B-B286-4F7E-A6F7-264181EFDA67}.Compile libstdcs|Any CPU.Build.0 = Release|x86
		{0B85407B-B286-4F7E-A6F7-264181EFDA67}.Compile libstdcs|x86.ActiveCfg = Release|x86
		{0B85407B-B286-4F7E-A6F7-264181EFDA67}.Compile libstdcs|x86.Build.0 = Release|x86
		{0B85407B-B286-4F7E-A6F7-264181EFDA67}.Compile libsupcs|Any CPU.ActiveCfg = Release|x86
		{0B85407B-B286-4F7E-A6F7-264181EFDA67}.Compile libsupcs|Any CPU.Build.0 = Release|x86
		{0B85407B-B286-4F7E-A6F7-264181EFDA67}.Compile libsupcs|x86.ActiveCfg = Release|x86
		{0B85407B-B286-4F7E-A6F7-264181EFDA67}.Compile libsupcs|x86.Build.0 = Release|x86
		{0B85407B-B286-4F7E-A6F7-264181EFDA67}.Compile libtysila|Any CPU.ActiveCfg = Release|x86
		{0B85407B-B286-4F7E-A6F7-264181EFDA67}.Compile libtysila|Any CPU.Build.0 = Release|x86
		{0B85407B-B286-4F7E-A6F7-264181EFDA67}.Compile libtysila|x86.ActiveCfg = Release|x86
		{0B85407B-B286-4F7E-A6F7-264181EFDA67}.Compile libtysila|x86.Build.0 = Release|x86
		{0B85407B-B286-4F7E-A6F7-264181EFDA67}.Compile metadata|Any CPU.ActiveCfg = Release|x86
		{0B85407B-B286-4F7E-A6F7-264181EFDA67}.Compile metadata|Any CPU.Build.0 = Release|x86
		{0B85407B-B286-4F7E-A6F7-264181EFDA67}.Compile metadata|x86.ActiveCfg = Release|x86
		{0B85407B-B286-4F7E-A6F7-264181EFDA67}.Compile metadata|x86.Build.0 = Release|x86
		{0B85407B-B286-4F7E-A6F7-264181EFDA67}.Compile mscorlib|Any CPU.ActiveCfg = Release|x86
		{0B85407B-B286-4F7E-A6F7-264181EFDA67}.Compile mscorlib|Any CPU.Build.0 = Release|x86
		{0B85407B-B286-4F7E-A6F7-264181EFDA67}.Compile mscorlib|x86.ActiveCfg = Release|x86
		{0B85407B-B286-4F7E-A6F7-264181EFDA67}.Compile mscorlib|x86.Build.0 = Release|x86
		{0B85407B-B286-4F7E-A6F7-264181EFDA67}.Compile TestProcess|Any CPU.ActiveCfg = Release|x86
		{0B85407B-B286-4F7E-A6F7-264181EFDA67}.Compile TestProcess|Any CPU.Build.0 = Release|x86
		{0B85407B-B286-4F7E-A6F7-264181EFDA67}.Compile TestProcess|x86.ActiveCfg = Release|x86
		{0B85407B-B286-4F7E-A6F7-264181EFDA67}.Compile TestProcess|x86.Build.0 = Release|x86
		{0B85407B-B286-4F7E-A6F7-264181EFDA67}.Debug|Any CPU.ActiveCfg = Debug|x86
		{0B85407B-B286-4F7E-A6F7-264181EFDA67}.Debug|Any CPU.Build.0 = Debug|x86
		{0B85407B-B286-4F7E-A6F7-264181EFDA67}.Debug|x86.ActiveCfg = Debug|x86
		{0B85407B-B286-4F7E-A6F7-264181EFDA67}.Debug|x86.Build.0 = Debug|x86
		{0B85407B-B286-4F7E-A6F7-264181EFDA67}.Release|Any CPU.ActiveCfg = Release|x86
		{0B85407B-B286-4F7E-A6F7-264181EFDA67}.Release|Any CPU.Build.0 = Release|x86
		{0B85407B-B286-4F7E-A6F7-264181EFDA67}.Release|x86.ActiveCfg = Release|x86
		{0B85407B-B286-4F7E-A6F7-264181EFDA67}.Release|x86.Build.0 = Release|x86
	EndGlobalSection
	GlobalSection(SolutionProperties) = preSolution
		HideSolutionNode = FALSE
	EndGlobalSection
	GlobalSection(ExtensibilityGlobals) = postSolution
		SolutionGuid = {739FCB81-46C7-4354-8325-D48CA2E40414}
	EndGlobalSection
EndGlobal
